// !$*UTF8*$!
{
	archiveVersion = 1;
	classes = {
	};
	objectVersion = 56;
	objects = {

/* Begin PBXBuildFile section */
		88A573B82B0594BA00F38425 /* AppDelegate.swift in Sources */ = {isa = PBXBuildFile; fileRef = 88A573B72B0594BA00F38425 /* AppDelegate.swift */; };
		88A573BA2B0594BA00F38425 /* SceneDelegate.swift in Sources */ = {isa = PBXBuildFile; fileRef = 88A573B92B0594BA00F38425 /* SceneDelegate.swift */; };
		88A573BC2B0594BA00F38425 /* ViewController.swift in Sources */ = {isa = PBXBuildFile; fileRef = 88A573BB2B0594BA00F38425 /* ViewController.swift */; };
		88A573BF2B0594BA00F38425 /* Main.storyboard in Resources */ = {isa = PBXBuildFile; fileRef = 88A573BD2B0594BA00F38425 /* Main.storyboard */; };
		88A573C12B0594BC00F38425 /* Assets.xcassets in Resources */ = {isa = PBXBuildFile; fileRef = 88A573C02B0594BC00F38425 /* Assets.xcassets */; };
		88A573C42B0594BC00F38425 /* LaunchScreen.storyboard in Resources */ = {isa = PBXBuildFile; fileRef = 88A573C22B0594BC00F38425 /* LaunchScreen.storyboard */; };
		88A573CF2B0594BC00F38425 /* DatePickerTests.swift in Sources */ = {isa = PBXBuildFile; fileRef = 88A573CE2B0594BC00F38425 /* DatePickerTests.swift */; };
		88A573D92B0594BC00F38425 /* DatePickerUITests.swift in Sources */ = {isa = PBXBuildFile; fileRef = 88A573D82B0594BC00F38425 /* DatePickerUITests.swift */; };
		88A573DB2B0594BC00F38425 /* DatePickerUITestsLaunchTests.swift in Sources */ = {isa = PBXBuildFile; fileRef = 88A573DA2B0594BC00F38425 /* DatePickerUITestsLaunchTests.swift */; };
/* End PBXBuildFile section */

/* Begin PBXContainerItemProxy section */
		88A573CB2B0594BC00F38425 /* PBXContainerItemProxy */ = {
			isa = PBXContainerItemProxy;
			containerPortal = 88A573AC2B0594BA00F38425 /* Project object */;
			proxyType = 1;
			remoteGlobalIDString = 88A573B32B0594BA00F38425;
			remoteInfo = DatePicker;
		};
		88A573D52B0594BC00F38425 /* PBXContainerItemProxy */ = {
			isa = PBXContainerItemProxy;
			containerPortal = 88A573AC2B0594BA00F38425 /* Project object */;
			proxyType = 1;
			remoteGlobalIDString = 88A573B32B0594BA00F38425;
			remoteInfo = DatePicker;
		};
/* End PBXContainerItemProxy section */

/* Begin PBXFileReference section */
		88A573B42B0594BA00F38425 /* DatePicker.app */ = {isa = PBXFileReference; explicitFileType = wrapper.application; includeInIndex = 0; path = DatePicker.app; sourceTree = BUILT_PRODUCTS_DIR; };
		88A573B72B0594BA00F38425 /* AppDelegate.swift */ = {isa = PBXFileReference; lastKnownFileType = sourcecode.swift; path = AppDelegate.swift; sourceTree = "<group>"; };
		88A573B92B0594BA00F38425 /* SceneDelegate.swift */ = {isa = PBXFileReference; lastKnownFileType = sourcecode.swift; path = SceneDelegate.swift; sourceTree = "<group>"; };
		88A573BB2B0594BA00F38425 /* ViewController.swift */ = {isa = PBXFileReference; lastKnownFileType = sourcecode.swift; path = ViewController.swift; sourceTree = "<group>"; };
		88A573BE2B0594BA00F38425 /* Base */ = {isa = PBXFileReference; lastKnownFileType = file.storyboard; name = Base; path = Base.lproj/Main.storyboard; sourceTree = "<group>"; };
		88A573C02B0594BC00F38425 /* Assets.xcassets */ = {isa = PBXFileReference; lastKnownFileType = folder.assetcatalog; path = Assets.xcassets; sourceTree = "<group>"; };
		88A573C32B0594BC00F38425 /* Base */ = {isa = PBXFileReference; lastKnownFileType = file.storyboard; name = Base; path = Base.lproj/LaunchScreen.storyboard; sourceTree = "<group>"; };
		88A573C52B0594BC00F38425 /* Info.plist */ = {isa = PBXFileReference; lastKnownFileType = text.plist.xml; path = Info.plist; sourceTree = "<group>"; };
		88A573CA2B0594BC00F38425 /* DatePickerTests.xctest */ = {isa = PBXFileReference; explicitFileType = wrapper.cfbundle; includeInIndex = 0; path = DatePickerTests.xctest; sourceTree = BUILT_PRODUCTS_DIR; };
		88A573CE2B0594BC00F38425 /* DatePickerTests.swift */ = {isa = PBXFileReference; lastKnownFileType = sourcecode.swift; path = DatePickerTests.swift; sourceTree = "<group>"; };
		88A573D42B0594BC00F38425 /* DatePickerUITests.xctest */ = {isa = PBXFileReference; explicitFileType = wrapper.cfbundle; includeInIndex = 0; path = DatePickerUITests.xctest; sourceTree = BUILT_PRODUCTS_DIR; };
		88A573D82B0594BC00F38425 /* DatePickerUITests.swift */ = {isa = PBXFileReference; lastKnownFileType = sourcecode.swift; path = DatePickerUITests.swift; sourceTree = "<group>"; };
		88A573DA2B0594BC00F38425 /* DatePickerUITestsLaunchTests.swift */ = {isa = PBXFileReference; lastKnownFileType = sourcecode.swift; path = DatePickerUITestsLaunchTests.swift; sourceTree = "<group>"; };
/* End PBXFileReference section */

/* Begin PBXFrameworksBuildPhase section */
		88A573B12B0594BA00F38425 /* Frameworks */ = {
			isa = PBXFrameworksBuildPhase;
			buildActionMask = 2147483647;
			files = (
			);
			runOnlyForDeploymentPostprocessing = 0;
		};
		88A573C72B0594BC00F38425 /* Frameworks */ = {
			isa = PBXFrameworksBuildPhase;
			buildActionMask = 2147483647;
			files = (
			);
			runOnlyForDeploymentPostprocessing = 0;
		};
		88A573D12B0594BC00F38425 /* Frameworks */ = {
			isa = PBXFrameworksBuildPhase;
			buildActionMask = 2147483647;
			files = (
			);
			runOnlyForDeploymentPostprocessing = 0;
		};
/* End PBXFrameworksBuildPhase section */

/* Begin PBXGroup section */
		88A573AB2B0594BA00F38425 = {
			isa = PBXGroup;
			children = (
				88A573B62B0594BA00F38425 /* DatePicker */,
				88A573CD2B0594BC00F38425 /* DatePickerTests */,
				88A573D72B0594BC00F38425 /* DatePickerUITests */,
				88A573B52B0594BA00F38425 /* Products */,
			);
			sourceTree = "<group>";
		};
		88A573B52B0594BA00F38425 /* Products */ = {
			isa = PBXGroup;
			children = (
				88A573B42B0594BA00F38425 /* DatePicker.app */,
				88A573CA2B0594BC00F38425 /* DatePickerTests.xctest */,
				88A573D42B0594BC00F38425 /* DatePickerUITests.xctest */,
			);
			name = Products;
			sourceTree = "<group>";
		};
		88A573B62B0594BA00F38425 /* DatePicker */ = {
			isa = PBXGroup;
			children = (
				88A573B72B0594BA00F38425 /* AppDelegate.swift */,
				88A573B92B0594BA00F38425 /* SceneDelegate.swift */,
				88A573BB2B0594BA00F38425 /* ViewController.swift */,
				88A573BD2B0594BA00F38425 /* Main.storyboard */,
				88A573C02B0594BC00F38425 /* Assets.xcassets */,
				88A573C22B0594BC00F38425 /* LaunchScreen.storyboard */,
				88A573C52B0594BC00F38425 /* Info.plist */,
			);
			path = DatePicker;
			sourceTree = "<group>";
		};
		88A573CD2B0594BC00F38425 /* DatePickerTests */ = {
			isa = PBXGroup;
			children = (
				88A573CE2B0594BC00F38425 /* DatePickerTests.swift */,
			);
			path = DatePickerTests;
			sourceTree = "<group>";
		};
		88A573D72B0594BC00F38425 /* DatePickerUITests */ = {
			isa = PBXGroup;
			children = (
				88A573D82B0594BC00F38425 /* DatePickerUITests.swift */,
				88A573DA2B0594BC00F38425 /* DatePickerUITestsLaunchTests.swift */,
			);
			path = DatePickerUITests;
			sourceTree = "<group>";
		};
/* End PBXGroup section */

/* Begin PBXNativeTarget section */
		88A573B32B0594BA00F38425 /* DatePicker */ = {
			isa = PBXNativeTarget;
			buildConfigurationList = 88A573DE2B0594BC00F38425 /* Build configuration list for PBXNativeTarget "DatePicker" */;
			buildPhases = (
				88A573B02B0594BA00F38425 /* Sources */,
				88A573B12B0594BA00F38425 /* Frameworks */,
				88A573B22B0594BA00F38425 /* Resources */,
			);
			buildRules = (
			);
			dependencies = (
			);
			name = DatePicker;
			productName = DatePicker;
			productReference = 88A573B42B0594BA00F38425 /* DatePicker.app */;
			productType = "com.apple.product-type.application";
		};
		88A573C92B0594BC00F38425 /* DatePickerTests */ = {
			isa = PBXNativeTarget;
			buildConfigurationList = 88A573E12B0594BC00F38425 /* Build configuration list for PBXNativeTarget "DatePickerTests" */;
			buildPhases = (
				88A573C62B0594BC00F38425 /* Sources */,
				88A573C72B0594BC00F38425 /* Frameworks */,
				88A573C82B0594BC00F38425 /* Resources */,
			);
			buildRules = (
			);
			dependencies = (
				88A573CC2B0594BC00F38425 /* PBXTargetDependency */,
			);
			name = DatePickerTests;
			productName = DatePickerTests;
			productReference = 88A573CA2B0594BC00F38425 /* DatePickerTests.xctest */;
			productType = "com.apple.product-type.bundle.unit-test";
		};
		88A573D32B0594BC00F38425 /* DatePickerUITests */ = {
			isa = PBXNativeTarget;
			buildConfigurationList = 88A573E42B0594BC00F38425 /* Build configuration list for PBXNativeTarget "DatePickerUITests" */;
			buildPhases = (
				88A573D02B0594BC00F38425 /* Sources */,
				88A573D12B0594BC00F38425 /* Frameworks */,
				88A573D22B0594BC00F38425 /* Resources */,
			);
			buildRules = (
			);
			dependencies = (
				88A573D62B0594BC00F38425 /* PBXTargetDependency */,
			);
			name = DatePickerUITests;
			productName = DatePickerUITests;
			productReference = 88A573D42B0594BC00F38425 /* DatePickerUITests.xctest */;
			productType = "com.apple.product-type.bundle.ui-testing";
		};
/* End PBXNativeTarget section */

/* Begin PBXProject section */
		88A573AC2B0594BA00F38425 /* Project object */ = {
			isa = PBXProject;
			attributes = {
				BuildIndependentTargetsInParallel = 1;
				LastSwiftUpdateCheck = 1500;
				LastUpgradeCheck = 1500;
				TargetAttributes = {
					88A573B32B0594BA00F38425 = {
						CreatedOnToolsVersion = 15.0.1;
					};
					88A573C92B0594BC00F38425 = {
						CreatedOnToolsVersion = 15.0.1;
						TestTargetID = 88A573B32B0594BA00F38425;
					};
					88A573D32B0594BC00F38425 = {
						CreatedOnToolsVersion = 15.0.1;
						TestTargetID = 88A573B32B0594BA00F38425;
					};
				};
			};
			buildConfigurationList = 88A573AF2B0594BA00F38425 /* Build configuration list for PBXProject "DatePicker" */;
			compatibilityVersion = "Xcode 14.0";
			developmentRegion = en;
			hasScannedForEncodings = 0;
			knownRegions = (
				en,
				Base,
			);
			mainGroup = 88A573AB2B0594BA00F38425;
			productRefGroup = 88A573B52B0594BA00F38425 /* Products */;
			projectDirPath = "";
			projectRoot = "";
			targets = (
				88A573B32B0594BA00F38425 /* DatePicker */,
				88A573C92B0594BC00F38425 /* DatePickerTests */,
				88A573D32B0594BC00F38425 /* DatePickerUITests */,
			);
		};
/* End PBXProject section */

/* Begin PBXResourcesBuildPhase section */
		88A573B22B0594BA00F38425 /* Resources */ = {
			isa = PBXResourcesBuildPhase;
			buildActionMask = 2147483647;
			files = (
				88A573C42B0594BC00F38425 /* LaunchScreen.storyboard in Resources */,
				88A573C12B0594BC00F38425 /* Assets.xcassets in Resources */,
				88A573BF2B0594BA00F38425 /* Main.storyboard in Resources */,
			);
			runOnlyForDeploymentPostprocessing = 0;
		};
		88A573C82B0594BC00F38425 /* Resources */ = {
			isa = PBXResourcesBuildPhase;
			buildActionMask = 2147483647;
			files = (
			);
			runOnlyForDeploymentPostprocessing = 0;
		};
		88A573D22B0594BC00F38425 /* Resources */ = {
			isa = PBXResourcesBuildPhase;
			buildActionMask = 2147483647;
			files = (
			);
			runOnlyForDeploymentPostprocessing = 0;
		};
/* End PBXResourcesBuildPhase section */

/* Begin PBXSourcesBuildPhase section */
		88A573B02B0594BA00F38425 /* Sources */ = {
			isa = PBXSourcesBuildPhase;
			buildActionMask = 2147483647;
			files = (
				88A573BC2B0594BA00F38425 /* ViewController.swift in Sources */,
				88A573B82B0594BA00F38425 /* AppDelegate.swift in Sources */,
				88A573BA2B0594BA00F38425 /* SceneDelegate.swift in Sources */,
			);
			runOnlyForDeploymentPostprocessing = 0;
		};
		88A573C62B0594BC00F38425 /* Sources */ = {
			isa = PBXSourcesBuildPhase;
			buildActionMask = 2147483647;
			files = (
				88A573CF2B0594BC00F38425 /* DatePickerTests.swift in Sources */,
			);
			runOnlyForDeploymentPostprocessing = 0;
		};
		88A573D02B0594BC00F38425 /* Sources */ = {
			isa = PBXSourcesBuildPhase;
			buildActionMask = 2147483647;
			files = (
				88A573DB2B0594BC00F38425 /* DatePickerUITestsLaunchTests.swift in Sources */,
				88A573D92B0594BC00F38425 /* DatePickerUITests.swift in Sources */,
			);
			runOnlyForDeploymentPostprocessing = 0;
		};
/* End PBXSourcesBuildPhase section */

/* Begin PBXTargetDependency section */
		88A573CC2B0594BC00F38425 /* PBXTargetDependency */ = {
			isa = PBXTargetDependency;
			target = 88A573B32B0594BA00F38425 /* DatePicker */;
			targetProxy = 88A573CB2B0594BC00F38425 /* PBXContainerItemProxy */;
		};
		88A573D62B0594BC00F38425 /* PBXTargetDependency */ = {
			isa = PBXTargetDependency;
			target = 88A573B32B0594BA00F38425 /* DatePicker */;
			targetProxy = 88A573D52B0594BC00F38425 /* PBXContainerItemProxy */;
		};
/* End PBXTargetDependency section */

/* Begin PBXVariantGroup section */
		88A573BD2B0594BA00F38425 /* Main.storyboard */ = {
			isa = PBXVariantGroup;
			children = (
				88A573BE2B0594BA00F38425 /* Base */,
			);
			name = Main.storyboard;
			sourceTree = "<group>";
		};
		88A573C22B0594BC00F38425 /* LaunchScreen.storyboard */ = {
			isa = PBXVariantGroup;
			children = (
				88A573C32B0594BC00F38425 /* Base */,
			);
			name = LaunchScreen.storyboard;
			sourceTree = "<group>";
		};
/* End PBXVariantGroup section */

/* Begin XCBuildConfiguration section */
		88A573DC2B0594BC00F38425 /* Debug */ = {
			isa = XCBuildConfiguration;
			buildSettings = {
				ALWAYS_SEARCH_USER_PATHS = NO;
				ASSETCATALOG_COMPILER_GENERATE_SWIFT_ASSET_SYMBOL_EXTENSIONS = YES;
				CLANG_ANALYZER_NONNULL = YES;
				CLANG_ANALYZER_NUMBER_OBJECT_CONVERSION = YES_AGGRESSIVE;
				CLANG_CXX_LANGUAGE_STANDARD = "gnu++20";
				CLANG_ENABLE_MODULES = YES;
				CLANG_ENABLE_OBJC_ARC = YES;
				CLANG_ENABLE_OBJC_WEAK = YES;
				CLANG_WARN_BLOCK_CAPTURE_AUTORELEASING = YES;
				CLANG_WARN_BOOL_CONVERSION = YES;
				CLANG_WARN_COMMA = YES;
				CLANG_WARN_CONSTANT_CONVERSION = YES;
				CLANG_WARN_DEPRECATED_OBJC_IMPLEMENTATIONS = YES;
				CLANG_WARN_DIRECT_OBJC_ISA_USAGE = YES_ERROR;
				CLANG_WARN_DOCUMENTATION_COMMENTS = YES;
				CLANG_WARN_EMPTY_BODY = YES;
				CLANG_WARN_ENUM_CONVERSION = YES;
				CLANG_WARN_INFINITE_RECURSION = YES;
				CLANG_WARN_INT_CONVERSION = YES;
				CLANG_WARN_NON_LITERAL_NULL_CONVERSION = YES;
				CLANG_WARN_OBJC_IMPLICIT_RETAIN_SELF = YES;
				CLANG_WARN_OBJC_LITERAL_CONVERSION = YES;
				CLANG_WARN_OBJC_ROOT_CLASS = YES_ERROR;
				CLANG_WARN_QUOTED_INCLUDE_IN_FRAMEWORK_HEADER = YES;
				CLANG_WARN_RANGE_LOOP_ANALYSIS = YES;
				CLANG_WARN_STRICT_PROTOTYPES = YES;
				CLANG_WARN_SUSPICIOUS_MOVE = YES;
				CLANG_WARN_UNGUARDED_AVAILABILITY = YES_AGGRESSIVE;
				CLANG_WARN_UNREACHABLE_CODE = YES;
				CLANG_WARN__DUPLICATE_METHOD_MATCH = YES;
				COPY_PHASE_STRIP = NO;
				DEBUG_INFORMATION_FORMAT = dwarf;
				ENABLE_STRICT_OBJC_MSGSEND = YES;
				ENABLE_TESTABILITY = YES;
				ENABLE_USER_SCRIPT_SANDBOXING = YES;
				GCC_C_LANGUAGE_STANDARD = gnu17;
				GCC_DYNAMIC_NO_PIC = NO;
				GCC_NO_COMMON_BLOCKS = YES;
				GCC_OPTIMIZATION_LEVEL = 0;
				GCC_PREPROCESSOR_DEFINITIONS = (
					"DEBUG=1",
					"$(inherited)",
				);
				GCC_WARN_64_TO_32_BIT_CONVERSION = YES;
				GCC_WARN_ABOUT_RETURN_TYPE = YES_ERROR;
				GCC_WARN_UNDECLARED_SELECTOR = YES;
				GCC_WARN_UNINITIALIZED_AUTOS = YES_AGGRESSIVE;
				GCC_WARN_UNUSED_FUNCTION = YES;
				GCC_WARN_UNUSED_VARIABLE = YES;
				IPHONEOS_DEPLOYMENT_TARGET = 17.0;
				LOCALIZATION_PREFERS_STRING_CATALOGS = YES;
				MTL_ENABLE_DEBUG_INFO = INCLUDE_SOURCE;
				MTL_FAST_MATH = YES;
				ONLY_ACTIVE_ARCH = YES;
				SDKROOT = iphoneos;
				SWIFT_ACTIVE_COMPILATION_CONDITIONS = "DEBUG $(inherited)";
				SWIFT_OPTIMIZATION_LEVEL = "-Onone";
			};
			name = Debug;
		};
		88A573DD2B0594BC00F38425 /* Release */ = {
			isa = XCBuildConfiguration;
			buildSettings = {
				ALWAYS_SEARCH_USER_PATHS = NO;
				ASSETCATALOG_COMPILER_GENERATE_SWIFT_ASSET_SYMBOL_EXTENSIONS = YES;
				CLANG_ANALYZER_NONNULL = YES;
				CLANG_ANALYZER_NUMBER_OBJECT_CONVERSION = YES_AGGRESSIVE;
				CLANG_CXX_LANGUAGE_STANDARD = "gnu++20";
				CLANG_ENABLE_MODULES = YES;
				CLANG_ENABLE_OBJC_ARC = YES;
				CLANG_ENABLE_OBJC_WEAK = YES;
				CLANG_WARN_BLOCK_CAPTURE_AUTORELEASING = YES;
				CLANG_WARN_BOOL_CONVERSION = YES;
				CLANG_WARN_COMMA = YES;
				CLANG_WARN_CONSTANT_CONVERSION = YES;
				CLANG_WARN_DEPRECATED_OBJC_IMPLEMENTATIONS = YES;
				CLANG_WARN_DIRECT_OBJC_ISA_USAGE = YES_ERROR;
				CLANG_WARN_DOCUMENTATION_COMMENTS = YES;
				CLANG_WARN_EMPTY_BODY = YES;
				CLANG_WARN_ENUM_CONVERSION = YES;
				CLANG_WARN_INFINITE_RECURSION = YES;
				CLANG_WARN_INT_CONVERSION = YES;
				CLANG_WARN_NON_LITERAL_NULL_CONVERSION = YES;
				CLANG_WARN_OBJC_IMPLICIT_RETAIN_SELF = YES;
				CLANG_WARN_OBJC_LITERAL_CONVERSION = YES;
				CLANG_WARN_OBJC_ROOT_CLASS = YES_ERROR;
				CLANG_WARN_QUOTED_INCLUDE_IN_FRAMEWORK_HEADER = YES;
				CLANG_WARN_RANGE_LOOP_ANALYSIS = YES;
				CLANG_WARN_STRICT_PROTOTYPES = YES;
				CLANG_WARN_SUSPICIOUS_MOVE = YES;
				CLANG_WARN_UNGUARDED_AVAILABILITY = YES_AGGRESSIVE;
				CLANG_WARN_UNREACHABLE_CODE = YES;
				CLANG_WARN__DUPLICATE_METHOD_MATCH = YES;
				COPY_PHASE_STRIP = NO;
				DEBUG_INFORMATION_FORMAT = "dwarf-with-dsym";
				ENABLE_NS_ASSERTIONS = NO;
				ENABLE_STRICT_OBJC_MSGSEND = YES;
				ENABLE_USER_SCRIPT_SANDBOXING = YES;
				GCC_C_LANGUAGE_STANDARD = gnu17;
				GCC_NO_COMMON_BLOCKS = YES;
				GCC_WARN_64_TO_32_BIT_CONVERSION = YES;
				GCC_WARN_ABOUT_RETURN_TYPE = YES_ERROR;
				GCC_WARN_UNDECLARED_SELECTOR = YES;
				GCC_WARN_UNINITIALIZED_AUTOS = YES_AGGRESSIVE;
				GCC_WARN_UNUSED_FUNCTION = YES;
				GCC_WARN_UNUSED_VARIABLE = YES;
				IPHONEOS_DEPLOYMENT_TARGET = 17.0;
				LOCALIZATION_PREFERS_STRING_CATALOGS = YES;
				MTL_ENABLE_DEBUG_INFO = NO;
				MTL_FAST_MATH = YES;
				SDKROOT = iphoneos;
				SWIFT_COMPILATION_MODE = wholemodule;
				VALIDATE_PRODUCT = YES;
			};
			name = Release;
		};
		88A573DF2B0594BC00F38425 /* Debug */ = {
			isa = XCBuildConfiguration;
			buildSettings = {
				ASSETCATALOG_COMPILER_APPICON_NAME = AppIcon;
				ASSETCATALOG_COMPILER_GLOBAL_ACCENT_COLOR_NAME = AccentColor;
				CODE_SIGN_STYLE = Automatic;
				CURRENT_PROJECT_VERSION = 1;
				DEVELOPMENT_TEAM = ALUU68J89L;
				GENERATE_INFOPLIST_FILE = YES;
				INFOPLIST_FILE = DatePicker/Info.plist;
				INFOPLIST_KEY_UIApplicationSupportsIndirectInputEvents = YES;
				INFOPLIST_KEY_UILaunchStoryboardName = LaunchScreen;
				INFOPLIST_KEY_UIMainStoryboardFile = Main;
				INFOPLIST_KEY_UISupportedInterfaceOrientations_iPad = "UIInterfaceOrientationPortrait UIInterfaceOrientationPortraitUpsideDown UIInterfaceOrientationLandscapeLeft UIInterfaceOrientationLandscapeRight";
				INFOPLIST_KEY_UISupportedInterfaceOrientations_iPhone = "UIInterfaceOrientationPortrait UIInterfaceOrientationLandscapeLeft UIInterfaceOrientationLandscapeRight";
				LD_RUNPATH_SEARCH_PATHS = (
					"$(inherited)",
					"@executable_path/Frameworks",
				);
				MARKETING_VERSION = 1.0;
				PRODUCT_BUNDLE_IDENTIFIER = kr.DatePicker;
				PRODUCT_NAME = "$(TARGET_NAME)";
				SWIFT_EMIT_LOC_STRINGS = YES;
				SWIFT_VERSION = 5.0;
				TARGETED_DEVICE_FAMILY = "1,2";
			};
			name = Debug;
		};
		88A573E02B0594BC00F38425 /* Release */ = {
			isa = XCBuildConfiguration;
			buildSettings = {
				ASSETCATALOG_COMPILER_APPICON_NAME = AppIcon;
				ASSETCATALOG_COMPILER_GLOBAL_ACCENT_COLOR_NAME = AccentColor;
				CODE_SIGN_STYLE = Automatic;
				CURRENT_PROJECT_VERSION = 1;
				DEVELOPMENT_TEAM = ALUU68J89L;
				GENERATE_INFOPLIST_FILE = YES;
				INFOPLIST_FILE = DatePicker/Info.plist;
				INFOPLIST_KEY_UIApplicationSupportsIndirectInputEvents = YES;
				INFOPLIST_KEY_UILaunchStoryboardName = LaunchScreen;
				INFOPLIST_KEY_UIMainStoryboardFile = Main;
				INFOPLIST_KEY_UISupportedInterfaceOrientations_iPad = "UIInterfaceOrientationPortrait UIInterfaceOrientationPortraitUpsideDown UIInterfaceOrientationLandscapeLeft UIInterfaceOrientationLandscapeRight";
				INFOPLIST_KEY_UISupportedInterfaceOrientations_iPhone = "UIInterfaceOrientationPortrait UIInterfaceOrientationLandscapeLeft UIInterfaceOrientationLandscapeRight";
				LD_RUNPATH_SEARCH_PATHS = (
					"$(inherited)",
					"@executable_path/Frameworks",
				);
				MARKETING_VERSION = 1.0;
				PRODUCT_BUNDLE_IDENTIFIER = kr.DatePicker;
				PRODUCT_NAME = "$(TARGET_NAME)";
				SWIFT_EMIT_LOC_STRINGS = YES;
				SWIFT_VERSION = 5.0;
				TARGETED_DEVICE_FAMILY = "1,2";
			};
			name = Release;
		};
		88A573E22B0594BC00F38425 /* Debug */ = {
			isa = XCBuildConfiguration;
			buildSettings = {
				ALWAYS_EMBED_SWIFT_STANDARD_LIBRARIES = YES;
				BUNDLE_LOADER = "$(TEST_HOST)";
				CODE_SIGN_STYLE = Automatic;
				CURRENT_PROJECT_VERSION = 1;
				DEVELOPMENT_TEAM = ALUU68J89L;
				GENERATE_INFOPLIST_FILE = YES;
				IPHONEOS_DEPLOYMENT_TARGET = 17.0;
				MARKETING_VERSION = 1.0;
				PRODUCT_BUNDLE_IDENTIFIER = kr.DatePickerTests;
				PRODUCT_NAME = "$(TARGET_NAME)";
				SWIFT_EMIT_LOC_STRINGS = NO;
				SWIFT_VERSION = 5.0;
				TARGETED_DEVICE_FAMILY = "1,2";
				TEST_HOST = "$(BUILT_PRODUCTS_DIR)/DatePicker.app/$(BUNDLE_EXECUTABLE_FOLDER_PATH)/DatePicker";
			};
			name = Debug;
		};
		88A573E32B0594BC00F38425 /* Release */ = {
			isa = XCBuildConfiguration;
			buildSettings = {
				ALWAYS_EMBED_SWIFT_STANDARD_LIBRARIES = YES;
				BUNDLE_LOADER = "$(TEST_HOST)";
				CODE_SIGN_STYLE = Automatic;
				CURRENT_PROJECT_VERSION = 1;
				DEVELOPMENT_TEAM = ALUU68J89L;
				GENERATE_INFOPLIST_FILE = YES;
				IPHONEOS_DEPLOYMENT_TARGET = 17.0;
				MARKETING_VERSION = 1.0;
				PRODUCT_BUNDLE_IDENTIFIER = kr.DatePickerTests;
				PRODUCT_NAME = "$(TARGET_NAME)";
				SWIFT_EMIT_LOC_STRINGS = NO;
				SWIFT_VERSION = 5.0;
				TARGETED_DEVICE_FAMILY = "1,2";
				TEST_HOST = "$(BUILT_PRODUCTS_DIR)/DatePicker.app/$(BUNDLE_EXECUTABLE_FOLDER_PATH)/DatePicker";
			};
			name = Release;
		};
		88A573E52B0594BC00F38425 /* Debug */ = {
			isa = XCBuildConfiguration;
			buildSettings = {
				ALWAYS_EMBED_SWIFT_STANDARD_LIBRARIES = YES;
				CODE_SIGN_STYLE = Automatic;
				CURRENT_PROJECT_VERSION = 1;
				DEVELOPMENT_TEAM = ALUU68J89L;
				GENERATE_INFOPLIST_FILE = YES;
				MARKETING_VERSION = 1.0;
				PRODUCT_BUNDLE_IDENTIFIER = kr.DatePickerUITests;
				PRODUCT_NAME = "$(TARGET_NAME)";
				SWIFT_EMIT_LOC_STRINGS = NO;
				SWIFT_VERSION = 5.0;
				TARGETED_DEVICE_FAMILY = "1,2";
				TEST_TARGET_NAME = DatePicker;
			};
			name = Debug;
		};
		88A573E62B0594BC00F38425 /* Release */ = {
			isa = XCBuildConfiguration;
			buildSettings = {
				ALWAYS_EMBED_SWIFT_STANDARD_LIBRARIES = YES;
				CODE_SIGN_STYLE = Automatic;
				CURRENT_PROJECT_VERSION = 1;
				DEVELOPMENT_TEAM = ALUU68J89L;
				GENERATE_INFOPLIST_FILE = YES;
				MARKETING_VERSION = 1.0;
				PRODUCT_BUNDLE_IDENTIFIER = kr.DatePickerUITests;
				PRODUCT_NAME = "$(TARGET_NAME)";
				SWIFT_EMIT_LOC_STRINGS = NO;
				SWIFT_VERSION = 5.0;
				TARGETED_DEVICE_FAMILY = "1,2";
				TEST_TARGET_NAME = DatePicker;
			};
			name = Release;
		};
/* End XCBuildConfiguration section */

/* Begin XCConfigurationList section */
		88A573AF2B0594BA00F38425 /* Build configuration list for PBXProject "DatePicker" */ = {
			isa = XCConfigurationList;
			buildConfigurations = (
				88A573DC2B0594BC00F38425 /* Debug */,
				88A573DD2B0594BC00F38425 /* Release */,
			);
			defaultConfigurationIsVisible = 0;
			defaultConfigurationName = Release;
		};
		88A573DE2B0594BC00F38425 /* Build configuration list for PBXNativeTarget "DatePicker" */ = {
			isa = XCConfigurationList;
			buildConfigurations = (
				88A573DF2B0594BC00F38425 /* Debug */,
				88A573E02B0594BC00F38425 /* Release */,
			);
			defaultConfigurationIsVisible = 0;
			defaultConfigurationName = Release;
		};
		88A573E12B0594BC00F38425 /* Build configuration list for PBXNativeTarget "DatePickerTests" */ = {
			isa = XCConfigurationList;
			buildConfigurations = (
				88A573E22B0594BC00F38425 /* Debug */,
				88A573E32B0594BC00F38425 /* Release */,
			);
			defaultConfigurationIsVisible = 0;
			defaultConfigurationName = Release;
		};
		88A573E42B0594BC00F38425 /* Build configuration list for PBXNativeTarget "DatePickerUITests" */ = {
			isa = XCConfigurationList;
			buildConfigurations = (
				88A573E52B0594BC00F38425 /* Debug */,
				88A573E62B0594BC00F38425 /* Release */,
			);
			defaultConfigurationIsVisible = 0;
			defaultConfigurationName = Release;
		};
/* End XCConfigurationList section */
	};
	rootObject = 88A573AC2B0594BA00F38425 /* Project object */;
}
