// !$*UTF8*$!
{
	archiveVersion = 1;
	classes = {
	};
	objectVersion = 56;
	objects = {

/* Begin PBXBuildFile section */
		88A574D62B188A0400F38425 /* AppDelegate.swift in Sources */ = {isa = PBXBuildFile; fileRef = 88A574D52B188A0400F38425 /* AppDelegate.swift */; };
		88A574D82B188A0400F38425 /* SceneDelegate.swift in Sources */ = {isa = PBXBuildFile; fileRef = 88A574D72B188A0400F38425 /* SceneDelegate.swift */; };
		88A574DA2B188A0400F38425 /* ViewController.swift in Sources */ = {isa = PBXBuildFile; fileRef = 88A574D92B188A0400F38425 /* ViewController.swift */; };
		88A574DD2B188A0400F38425 /* Main.storyboard in Resources */ = {isa = PBXBuildFile; fileRef = 88A574DB2B188A0400F38425 /* Main.storyboard */; };
		88A574DF2B188A0700F38425 /* Assets.xcassets in Resources */ = {isa = PBXBuildFile; fileRef = 88A574DE2B188A0700F38425 /* Assets.xcassets */; };
		88A574E22B188A0700F38425 /* LaunchScreen.storyboard in Resources */ = {isa = PBXBuildFile; fileRef = 88A574E02B188A0700F38425 /* LaunchScreen.storyboard */; };
		88A574ED2B188A0700F38425 /* MobileProgrammig_Final_ProjectTests.swift in Sources */ = {isa = PBXBuildFile; fileRef = 88A574EC2B188A0700F38425 /* MobileProgrammig_Final_ProjectTests.swift */; };
		88A574F72B188A0700F38425 /* MobileProgrammig_Final_ProjectUITests.swift in Sources */ = {isa = PBXBuildFile; fileRef = 88A574F62B188A0700F38425 /* MobileProgrammig_Final_ProjectUITests.swift */; };
		88A574F92B188A0700F38425 /* MobileProgrammig_Final_ProjectUITestsLaunchTests.swift in Sources */ = {isa = PBXBuildFile; fileRef = 88A574F82B188A0700F38425 /* MobileProgrammig_Final_ProjectUITestsLaunchTests.swift */; };
/* End PBXBuildFile section */

/* Begin PBXContainerItemProxy section */
		88A574E92B188A0700F38425 /* PBXContainerItemProxy */ = {
			isa = PBXContainerItemProxy;
			containerPortal = 88A574CA2B188A0400F38425 /* Project object */;
			proxyType = 1;
			remoteGlobalIDString = 88A574D12B188A0400F38425;
			remoteInfo = MobileProgrammig_Final_Project;
		};
		88A574F32B188A0700F38425 /* PBXContainerItemProxy */ = {
			isa = PBXContainerItemProxy;
			containerPortal = 88A574CA2B188A0400F38425 /* Project object */;
			proxyType = 1;
			remoteGlobalIDString = 88A574D12B188A0400F38425;
			remoteInfo = MobileProgrammig_Final_Project;
		};
/* End PBXContainerItemProxy section */

/* Begin PBXFileReference section */
		88A574D22B188A0400F38425 /* MobileProgrammig_Final_Project.app */ = {isa = PBXFileReference; explicitFileType = wrapper.application; includeInIndex = 0; path = MobileProgrammig_Final_Project.app; sourceTree = BUILT_PRODUCTS_DIR; };
		88A574D52B188A0400F38425 /* AppDelegate.swift */ = {isa = PBXFileReference; lastKnownFileType = sourcecode.swift; path = AppDelegate.swift; sourceTree = "<group>"; };
		88A574D72B188A0400F38425 /* SceneDelegate.swift */ = {isa = PBXFileReference; lastKnownFileType = sourcecode.swift; path = SceneDelegate.swift; sourceTree = "<group>"; };
		88A574D92B188A0400F38425 /* ViewController.swift */ = {isa = PBXFileReference; lastKnownFileType = sourcecode.swift; path = ViewController.swift; sourceTree = "<group>"; };
		88A574DC2B188A0400F38425 /* Base */ = {isa = PBXFileReference; lastKnownFileType = file.storyboard; name = Base; path = Base.lproj/Main.storyboard; sourceTree = "<group>"; };
		88A574DE2B188A0700F38425 /* Assets.xcassets */ = {isa = PBXFileReference; lastKnownFileType = folder.assetcatalog; path = Assets.xcassets; sourceTree = "<group>"; };
		88A574E12B188A0700F38425 /* Base */ = {isa = PBXFileReference; lastKnownFileType = file.storyboard; name = Base; path = Base.lproj/LaunchScreen.storyboard; sourceTree = "<group>"; };
		88A574E32B188A0700F38425 /* Info.plist */ = {isa = PBXFileReference; lastKnownFileType = text.plist.xml; path = Info.plist; sourceTree = "<group>"; };
		88A574E82B188A0700F38425 /* MobileProgrammig_Final_ProjectTests.xctest */ = {isa = PBXFileReference; explicitFileType = wrapper.cfbundle; includeInIndex = 0; path = MobileProgrammig_Final_ProjectTests.xctest; sourceTree = BUILT_PRODUCTS_DIR; };
		88A574EC2B188A0700F38425 /* MobileProgrammig_Final_ProjectTests.swift */ = {isa = PBXFileReference; lastKnownFileType = sourcecode.swift; path = MobileProgrammig_Final_ProjectTests.swift; sourceTree = "<group>"; };
		88A574F22B188A0700F38425 /* MobileProgrammig_Final_ProjectUITests.xctest */ = {isa = PBXFileReference; explicitFileType = wrapper.cfbundle; includeInIndex = 0; path = MobileProgrammig_Final_ProjectUITests.xctest; sourceTree = BUILT_PRODUCTS_DIR; };
		88A574F62B188A0700F38425 /* MobileProgrammig_Final_ProjectUITests.swift */ = {isa = PBXFileReference; lastKnownFileType = sourcecode.swift; path = MobileProgrammig_Final_ProjectUITests.swift; sourceTree = "<group>"; };
		88A574F82B188A0700F38425 /* MobileProgrammig_Final_ProjectUITestsLaunchTests.swift */ = {isa = PBXFileReference; lastKnownFileType = sourcecode.swift; path = MobileProgrammig_Final_ProjectUITestsLaunchTests.swift; sourceTree = "<group>"; };
/* End PBXFileReference section */

/* Begin PBXFrameworksBuildPhase section */
		88A574CF2B188A0400F38425 /* Frameworks */ = {
			isa = PBXFrameworksBuildPhase;
			buildActionMask = 2147483647;
			files = (
			);
			runOnlyForDeploymentPostprocessing = 0;
		};
		88A574E52B188A0700F38425 /* Frameworks */ = {
			isa = PBXFrameworksBuildPhase;
			buildActionMask = 2147483647;
			files = (
			);
			runOnlyForDeploymentPostprocessing = 0;
		};
		88A574EF2B188A0700F38425 /* Frameworks */ = {
			isa = PBXFrameworksBuildPhase;
			buildActionMask = 2147483647;
			files = (
			);
			runOnlyForDeploymentPostprocessing = 0;
		};
/* End PBXFrameworksBuildPhase section */

/* Begin PBXGroup section */
		88A574C92B188A0400F38425 = {
			isa = PBXGroup;
			children = (
				88A574D42B188A0400F38425 /* MobileProgrammig_Final_Project */,
				88A574EB2B188A0700F38425 /* MobileProgrammig_Final_ProjectTests */,
				88A574F52B188A0700F38425 /* MobileProgrammig_Final_ProjectUITests */,
				88A574D32B188A0400F38425 /* Products */,
			);
			sourceTree = "<group>";
		};
		88A574D32B188A0400F38425 /* Products */ = {
			isa = PBXGroup;
			children = (
				88A574D22B188A0400F38425 /* MobileProgrammig_Final_Project.app */,
				88A574E82B188A0700F38425 /* MobileProgrammig_Final_ProjectTests.xctest */,
				88A574F22B188A0700F38425 /* MobileProgrammig_Final_ProjectUITests.xctest */,
			);
			name = Products;
			sourceTree = "<group>";
		};
		88A574D42B188A0400F38425 /* MobileProgrammig_Final_Project */ = {
			isa = PBXGroup;
			children = (
				88A574D52B188A0400F38425 /* AppDelegate.swift */,
				88A574D72B188A0400F38425 /* SceneDelegate.swift */,
				88A574D92B188A0400F38425 /* ViewController.swift */,
				88A574DB2B188A0400F38425 /* Main.storyboard */,
				88A574DE2B188A0700F38425 /* Assets.xcassets */,
				88A574E02B188A0700F38425 /* LaunchScreen.storyboard */,
				88A574E32B188A0700F38425 /* Info.plist */,
			);
			path = MobileProgrammig_Final_Project;
			sourceTree = "<group>";
		};
		88A574EB2B188A0700F38425 /* MobileProgrammig_Final_ProjectTests */ = {
			isa = PBXGroup;
			children = (
				88A574EC2B188A0700F38425 /* MobileProgrammig_Final_ProjectTests.swift */,
			);
			path = MobileProgrammig_Final_ProjectTests;
			sourceTree = "<group>";
		};
		88A574F52B188A0700F38425 /* MobileProgrammig_Final_ProjectUITests */ = {
			isa = PBXGroup;
			children = (
				88A574F62B188A0700F38425 /* MobileProgrammig_Final_ProjectUITests.swift */,
				88A574F82B188A0700F38425 /* MobileProgrammig_Final_ProjectUITestsLaunchTests.swift */,
			);
			path = MobileProgrammig_Final_ProjectUITests;
			sourceTree = "<group>";
		};
/* End PBXGroup section */

/* Begin PBXNativeTarget section */
		88A574D12B188A0400F38425 /* MobileProgrammig_Final_Project */ = {
			isa = PBXNativeTarget;
			buildConfigurationList = 88A574FC2B188A0700F38425 /* Build configuration list for PBXNativeTarget "MobileProgrammig_Final_Project" */;
			buildPhases = (
				88A574CE2B188A0400F38425 /* Sources */,
				88A574CF2B188A0400F38425 /* Frameworks */,
				88A574D02B188A0400F38425 /* Resources */,
			);
			buildRules = (
			);
			dependencies = (
			);
			name = MobileProgrammig_Final_Project;
			productName = MobileProgrammig_Final_Project;
			productReference = 88A574D22B188A0400F38425 /* MobileProgrammig_Final_Project.app */;
			productType = "com.apple.product-type.application";
		};
		88A574E72B188A0700F38425 /* MobileProgrammig_Final_ProjectTests */ = {
			isa = PBXNativeTarget;
			buildConfigurationList = 88A574FF2B188A0700F38425 /* Build configuration list for PBXNativeTarget "MobileProgrammig_Final_ProjectTests" */;
			buildPhases = (
				88A574E42B188A0700F38425 /* Sources */,
				88A574E52B188A0700F38425 /* Frameworks */,
				88A574E62B188A0700F38425 /* Resources */,
			);
			buildRules = (
			);
			dependencies = (
				88A574EA2B188A0700F38425 /* PBXTargetDependency */,
			);
			name = MobileProgrammig_Final_ProjectTests;
			productName = MobileProgrammig_Final_ProjectTests;
			productReference = 88A574E82B188A0700F38425 /* MobileProgrammig_Final_ProjectTests.xctest */;
			productType = "com.apple.product-type.bundle.unit-test";
		};
		88A574F12B188A0700F38425 /* MobileProgrammig_Final_ProjectUITests */ = {
			isa = PBXNativeTarget;
			buildConfigurationList = 88A575022B188A0700F38425 /* Build configuration list for PBXNativeTarget "MobileProgrammig_Final_ProjectUITests" */;
			buildPhases = (
				88A574EE2B188A0700F38425 /* Sources */,
				88A574EF2B188A0700F38425 /* Frameworks */,
				88A574F02B188A0700F38425 /* Resources */,
			);
			buildRules = (
			);
			dependencies = (
				88A574F42B188A0700F38425 /* PBXTargetDependency */,
			);
			name = MobileProgrammig_Final_ProjectUITests;
			productName = MobileProgrammig_Final_ProjectUITests;
			productReference = 88A574F22B188A0700F38425 /* MobileProgrammig_Final_ProjectUITests.xctest */;
			productType = "com.apple.product-type.bundle.ui-testing";
		};
/* End PBXNativeTarget section */

/* Begin PBXProject section */
		88A574CA2B188A0400F38425 /* Project object */ = {
			isa = PBXProject;
			attributes = {
				BuildIndependentTargetsInParallel = 1;
				LastSwiftUpdateCheck = 1500;
				LastUpgradeCheck = 1500;
				TargetAttributes = {
					88A574D12B188A0400F38425 = {
						CreatedOnToolsVersion = 15.0.1;
					};
					88A574E72B188A0700F38425 = {
						CreatedOnToolsVersion = 15.0.1;
						TestTargetID = 88A574D12B188A0400F38425;
					};
					88A574F12B188A0700F38425 = {
						CreatedOnToolsVersion = 15.0.1;
						TestTargetID = 88A574D12B188A0400F38425;
					};
				};
			};
			buildConfigurationList = 88A574CD2B188A0400F38425 /* Build configuration list for PBXProject "MobileProgrammig_Final_Project" */;
			compatibilityVersion = "Xcode 14.0";
			developmentRegion = en;
			hasScannedForEncodings = 0;
			knownRegions = (
				en,
				Base,
			);
			mainGroup = 88A574C92B188A0400F38425;
			productRefGroup = 88A574D32B188A0400F38425 /* Products */;
			projectDirPath = "";
			projectRoot = "";
			targets = (
				88A574D12B188A0400F38425 /* MobileProgrammig_Final_Project */,
				88A574E72B188A0700F38425 /* MobileProgrammig_Final_ProjectTests */,
				88A574F12B188A0700F38425 /* MobileProgrammig_Final_ProjectUITests */,
			);
		};
/* End PBXProject section */

/* Begin PBXResourcesBuildPhase section */
		88A574D02B188A0400F38425 /* Resources */ = {
			isa = PBXResourcesBuildPhase;
			buildActionMask = 2147483647;
			files = (
				88A574E22B188A0700F38425 /* LaunchScreen.storyboard in Resources */,
				88A574DF2B188A0700F38425 /* Assets.xcassets in Resources */,
				88A574DD2B188A0400F38425 /* Main.storyboard in Resources */,
			);
			runOnlyForDeploymentPostprocessing = 0;
		};
		88A574E62B188A0700F38425 /* Resources */ = {
			isa = PBXResourcesBuildPhase;
			buildActionMask = 2147483647;
			files = (
			);
			runOnlyForDeploymentPostprocessing = 0;
		};
		88A574F02B188A0700F38425 /* Resources */ = {
			isa = PBXResourcesBuildPhase;
			buildActionMask = 2147483647;
			files = (
			);
			runOnlyForDeploymentPostprocessing = 0;
		};
/* End PBXResourcesBuildPhase section */

/* Begin PBXSourcesBuildPhase section */
		88A574CE2B188A0400F38425 /* Sources */ = {
			isa = PBXSourcesBuildPhase;
			buildActionMask = 2147483647;
			files = (
				88A574DA2B188A0400F38425 /* ViewController.swift in Sources */,
				88A574D62B188A0400F38425 /* AppDelegate.swift in Sources */,
				88A574D82B188A0400F38425 /* SceneDelegate.swift in Sources */,
			);
			runOnlyForDeploymentPostprocessing = 0;
		};
		88A574E42B188A0700F38425 /* Sources */ = {
			isa = PBXSourcesBuildPhase;
			buildActionMask = 2147483647;
			files = (
				88A574ED2B188A0700F38425 /* MobileProgrammig_Final_ProjectTests.swift in Sources */,
			);
			runOnlyForDeploymentPostprocessing = 0;
		};
		88A574EE2B188A0700F38425 /* Sources */ = {
			isa = PBXSourcesBuildPhase;
			buildActionMask = 2147483647;
			files = (
				88A574F92B188A0700F38425 /* MobileProgrammig_Final_ProjectUITestsLaunchTests.swift in Sources */,
				88A574F72B188A0700F38425 /* MobileProgrammig_Final_ProjectUITests.swift in Sources */,
			);
			runOnlyForDeploymentPostprocessing = 0;
		};
/* End PBXSourcesBuildPhase section */

/* Begin PBXTargetDependency section */
		88A574EA2B188A0700F38425 /* PBXTargetDependency */ = {
			isa = PBXTargetDependency;
			target = 88A574D12B188A0400F38425 /* MobileProgrammig_Final_Project */;
			targetProxy = 88A574E92B188A0700F38425 /* PBXContainerItemProxy */;
		};
		88A574F42B188A0700F38425 /* PBXTargetDependency */ = {
			isa = PBXTargetDependency;
			target = 88A574D12B188A0400F38425 /* MobileProgrammig_Final_Project */;
			targetProxy = 88A574F32B188A0700F38425 /* PBXContainerItemProxy */;
		};
/* End PBXTargetDependency section */

/* Begin PBXVariantGroup section */
		88A574DB2B188A0400F38425 /* Main.storyboard */ = {
			isa = PBXVariantGroup;
			children = (
				88A574DC2B188A0400F38425 /* Base */,
			);
			name = Main.storyboard;
			sourceTree = "<group>";
		};
		88A574E02B188A0700F38425 /* LaunchScreen.storyboard */ = {
			isa = PBXVariantGroup;
			children = (
				88A574E12B188A0700F38425 /* Base */,
			);
			name = LaunchScreen.storyboard;
			sourceTree = "<group>";
		};
/* End PBXVariantGroup section */

/* Begin XCBuildConfiguration section */
		88A574FA2B188A0700F38425 /* Debug */ = {
			isa = XCBuildConfiguration;
			buildSettings = {
				ALWAYS_SEARCH_USER_PATHS = NO;
				ASSETCATALOG_COMPILER_GENERATE_SWIFT_ASSET_SYMBOL_EXTENSIONS = YES;
				CLANG_ANALYZER_NONNULL = YES;
				CLANG_ANALYZER_NUMBER_OBJECT_CONVERSION = YES_AGGRESSIVE;
				CLANG_CXX_LANGUAGE_STANDARD = "gnu++20";
				CLANG_ENABLE_MODULES = YES;
				CLANG_ENABLE_OBJC_ARC = YES;
				CLANG_ENABLE_OBJC_WEAK = YES;
				CLANG_WARN_BLOCK_CAPTURE_AUTORELEASING = YES;
				CLANG_WARN_BOOL_CONVERSION = YES;
				CLANG_WARN_COMMA = YES;
				CLANG_WARN_CONSTANT_CONVERSION = YES;
				CLANG_WARN_DEPRECATED_OBJC_IMPLEMENTATIONS = YES;
				CLANG_WARN_DIRECT_OBJC_ISA_USAGE = YES_ERROR;
				CLANG_WARN_DOCUMENTATION_COMMENTS = YES;
				CLANG_WARN_EMPTY_BODY = YES;
				CLANG_WARN_ENUM_CONVERSION = YES;
				CLANG_WARN_INFINITE_RECURSION = YES;
				CLANG_WARN_INT_CONVERSION = YES;
				CLANG_WARN_NON_LITERAL_NULL_CONVERSION = YES;
				CLANG_WARN_OBJC_IMPLICIT_RETAIN_SELF = YES;
				CLANG_WARN_OBJC_LITERAL_CONVERSION = YES;
				CLANG_WARN_OBJC_ROOT_CLASS = YES_ERROR;
				CLANG_WARN_QUOTED_INCLUDE_IN_FRAMEWORK_HEADER = YES;
				CLANG_WARN_RANGE_LOOP_ANALYSIS = YES;
				CLANG_WARN_STRICT_PROTOTYPES = YES;
				CLANG_WARN_SUSPICIOUS_MOVE = YES;
				CLANG_WARN_UNGUARDED_AVAILABILITY = YES_AGGRESSIVE;
				CLANG_WARN_UNREACHABLE_CODE = YES;
				CLANG_WARN__DUPLICATE_METHOD_MATCH = YES;
				COPY_PHASE_STRIP = NO;
				DEBUG_INFORMATION_FORMAT = dwarf;
				ENABLE_STRICT_OBJC_MSGSEND = YES;
				ENABLE_TESTABILITY = YES;
				ENABLE_USER_SCRIPT_SANDBOXING = YES;
				GCC_C_LANGUAGE_STANDARD = gnu17;
				GCC_DYNAMIC_NO_PIC = NO;
				GCC_NO_COMMON_BLOCKS = YES;
				GCC_OPTIMIZATION_LEVEL = 0;
				GCC_PREPROCESSOR_DEFINITIONS = (
					"DEBUG=1",
					"$(inherited)",
				);
				GCC_WARN_64_TO_32_BIT_CONVERSION = YES;
				GCC_WARN_ABOUT_RETURN_TYPE = YES_ERROR;
				GCC_WARN_UNDECLARED_SELECTOR = YES;
				GCC_WARN_UNINITIALIZED_AUTOS = YES_AGGRESSIVE;
				GCC_WARN_UNUSED_FUNCTION = YES;
				GCC_WARN_UNUSED_VARIABLE = YES;
				IPHONEOS_DEPLOYMENT_TARGET = 17.0;
				LOCALIZATION_PREFERS_STRING_CATALOGS = YES;
				MTL_ENABLE_DEBUG_INFO = INCLUDE_SOURCE;
				MTL_FAST_MATH = YES;
				ONLY_ACTIVE_ARCH = YES;
				SDKROOT = iphoneos;
				SWIFT_ACTIVE_COMPILATION_CONDITIONS = "DEBUG $(inherited)";
				SWIFT_OPTIMIZATION_LEVEL = "-Onone";
			};
			name = Debug;
		};
		88A574FB2B188A0700F38425 /* Release */ = {
			isa = XCBuildConfiguration;
			buildSettings = {
				ALWAYS_SEARCH_USER_PATHS = NO;
				ASSETCATALOG_COMPILER_GENERATE_SWIFT_ASSET_SYMBOL_EXTENSIONS = YES;
				CLANG_ANALYZER_NONNULL = YES;
				CLANG_ANALYZER_NUMBER_OBJECT_CONVERSION = YES_AGGRESSIVE;
				CLANG_CXX_LANGUAGE_STANDARD = "gnu++20";
				CLANG_ENABLE_MODULES = YES;
				CLANG_ENABLE_OBJC_ARC = YES;
				CLANG_ENABLE_OBJC_WEAK = YES;
				CLANG_WARN_BLOCK_CAPTURE_AUTORELEASING = YES;
				CLANG_WARN_BOOL_CONVERSION = YES;
				CLANG_WARN_COMMA = YES;
				CLANG_WARN_CONSTANT_CONVERSION = YES;
				CLANG_WARN_DEPRECATED_OBJC_IMPLEMENTATIONS = YES;
				CLANG_WARN_DIRECT_OBJC_ISA_USAGE = YES_ERROR;
				CLANG_WARN_DOCUMENTATION_COMMENTS = YES;
				CLANG_WARN_EMPTY_BODY = YES;
				CLANG_WARN_ENUM_CONVERSION = YES;
				CLANG_WARN_INFINITE_RECURSION = YES;
				CLANG_WARN_INT_CONVERSION = YES;
				CLANG_WARN_NON_LITERAL_NULL_CONVERSION = YES;
				CLANG_WARN_OBJC_IMPLICIT_RETAIN_SELF = YES;
				CLANG_WARN_OBJC_LITERAL_CONVERSION = YES;
				CLANG_WARN_OBJC_ROOT_CLASS = YES_ERROR;
				CLANG_WARN_QUOTED_INCLUDE_IN_FRAMEWORK_HEADER = YES;
				CLANG_WARN_RANGE_LOOP_ANALYSIS = YES;
				CLANG_WARN_STRICT_PROTOTYPES = YES;
				CLANG_WARN_SUSPICIOUS_MOVE = YES;
				CLANG_WARN_UNGUARDED_AVAILABILITY = YES_AGGRESSIVE;
				CLANG_WARN_UNREACHABLE_CODE = YES;
				CLANG_WARN__DUPLICATE_METHOD_MATCH = YES;
				COPY_PHASE_STRIP = NO;
				DEBUG_INFORMATION_FORMAT = "dwarf-with-dsym";
				ENABLE_NS_ASSERTIONS = NO;
				ENABLE_STRICT_OBJC_MSGSEND = YES;
				ENABLE_USER_SCRIPT_SANDBOXING = YES;
				GCC_C_LANGUAGE_STANDARD = gnu17;
				GCC_NO_COMMON_BLOCKS = YES;
				GCC_WARN_64_TO_32_BIT_CONVERSION = YES;
				GCC_WARN_ABOUT_RETURN_TYPE = YES_ERROR;
				GCC_WARN_UNDECLARED_SELECTOR = YES;
				GCC_WARN_UNINITIALIZED_AUTOS = YES_AGGRESSIVE;
				GCC_WARN_UNUSED_FUNCTION = YES;
				GCC_WARN_UNUSED_VARIABLE = YES;
				IPHONEOS_DEPLOYMENT_TARGET = 17.0;
				LOCALIZATION_PREFERS_STRING_CATALOGS = YES;
				MTL_ENABLE_DEBUG_INFO = NO;
				MTL_FAST_MATH = YES;
				SDKROOT = iphoneos;
				SWIFT_COMPILATION_MODE = wholemodule;
				VALIDATE_PRODUCT = YES;
			};
			name = Release;
		};
		88A574FD2B188A0700F38425 /* Debug */ = {
			isa = XCBuildConfiguration;
			buildSettings = {
				ASSETCATALOG_COMPILER_APPICON_NAME = AppIcon;
				ASSETCATALOG_COMPILER_GLOBAL_ACCENT_COLOR_NAME = AccentColor;
				CODE_SIGN_STYLE = Automatic;
				CURRENT_PROJECT_VERSION = 1;
				DEVELOPMENT_TEAM = ALUU68J89L;
				GENERATE_INFOPLIST_FILE = YES;
				INFOPLIST_FILE = MobileProgrammig_Final_Project/Info.plist;
				INFOPLIST_KEY_UIApplicationSupportsIndirectInputEvents = YES;
				INFOPLIST_KEY_UILaunchStoryboardName = LaunchScreen;
				INFOPLIST_KEY_UIMainStoryboardFile = Main;
				INFOPLIST_KEY_UISupportedInterfaceOrientations_iPad = "UIInterfaceOrientationPortrait UIInterfaceOrientationPortraitUpsideDown UIInterfaceOrientationLandscapeLeft UIInterfaceOrientationLandscapeRight";
				INFOPLIST_KEY_UISupportedInterfaceOrientations_iPhone = "UIInterfaceOrientationPortrait UIInterfaceOrientationLandscapeLeft UIInterfaceOrientationLandscapeRight";
				LD_RUNPATH_SEARCH_PATHS = (
					"$(inherited)",
					"@executable_path/Frameworks",
				);
				MARKETING_VERSION = 1.0;
				PRODUCT_BUNDLE_IDENTIFIER = "kr.MobileProgrammig-Final-Project";
				PRODUCT_NAME = "$(TARGET_NAME)";
				SWIFT_EMIT_LOC_STRINGS = YES;
				SWIFT_VERSION = 5.0;
				TARGETED_DEVICE_FAMILY = "1,2";
			};
			name = Debug;
		};
		88A574FE2B188A0700F38425 /* Release */ = {
			isa = XCBuildConfiguration;
			buildSettings = {
				ASSETCATALOG_COMPILER_APPICON_NAME = AppIcon;
				ASSETCATALOG_COMPILER_GLOBAL_ACCENT_COLOR_NAME = AccentColor;
				CODE_SIGN_STYLE = Automatic;
				CURRENT_PROJECT_VERSION = 1;
				DEVELOPMENT_TEAM = ALUU68J89L;
				GENERATE_INFOPLIST_FILE = YES;
				INFOPLIST_FILE = MobileProgrammig_Final_Project/Info.plist;
				INFOPLIST_KEY_UIApplicationSupportsIndirectInputEvents = YES;
				INFOPLIST_KEY_UILaunchStoryboardName = LaunchScreen;
				INFOPLIST_KEY_UIMainStoryboardFile = Main;
				INFOPLIST_KEY_UISupportedInterfaceOrientations_iPad = "UIInterfaceOrientationPortrait UIInterfaceOrientationPortraitUpsideDown UIInterfaceOrientationLandscapeLeft UIInterfaceOrientationLandscapeRight";
				INFOPLIST_KEY_UISupportedInterfaceOrientations_iPhone = "UIInterfaceOrientationPortrait UIInterfaceOrientationLandscapeLeft UIInterfaceOrientationLandscapeRight";
				LD_RUNPATH_SEARCH_PATHS = (
					"$(inherited)",
					"@executable_path/Frameworks",
				);
				MARKETING_VERSION = 1.0;
				PRODUCT_BUNDLE_IDENTIFIER = "kr.MobileProgrammig-Final-Project";
				PRODUCT_NAME = "$(TARGET_NAME)";
				SWIFT_EMIT_LOC_STRINGS = YES;
				SWIFT_VERSION = 5.0;
				TARGETED_DEVICE_FAMILY = "1,2";
			};
			name = Release;
		};
		88A575002B188A0700F38425 /* Debug */ = {
			isa = XCBuildConfiguration;
			buildSettings = {
				ALWAYS_EMBED_SWIFT_STANDARD_LIBRARIES = YES;
				BUNDLE_LOADER = "$(TEST_HOST)";
				CODE_SIGN_STYLE = Automatic;
				CURRENT_PROJECT_VERSION = 1;
				DEVELOPMENT_TEAM = ALUU68J89L;
				GENERATE_INFOPLIST_FILE = YES;
				IPHONEOS_DEPLOYMENT_TARGET = 17.0;
				MARKETING_VERSION = 1.0;
				PRODUCT_BUNDLE_IDENTIFIER = "kr.MobileProgrammig-Final-ProjectTests";
				PRODUCT_NAME = "$(TARGET_NAME)";
				SWIFT_EMIT_LOC_STRINGS = NO;
				SWIFT_VERSION = 5.0;
				TARGETED_DEVICE_FAMILY = "1,2";
				TEST_HOST = "$(BUILT_PRODUCTS_DIR)/MobileProgrammig_Final_Project.app/$(BUNDLE_EXECUTABLE_FOLDER_PATH)/MobileProgrammig_Final_Project";
			};
			name = Debug;
		};
		88A575012B188A0700F38425 /* Release */ = {
			isa = XCBuildConfiguration;
			buildSettings = {
				ALWAYS_EMBED_SWIFT_STANDARD_LIBRARIES = YES;
				BUNDLE_LOADER = "$(TEST_HOST)";
				CODE_SIGN_STYLE = Automatic;
				CURRENT_PROJECT_VERSION = 1;
				DEVELOPMENT_TEAM = ALUU68J89L;
				GENERATE_INFOPLIST_FILE = YES;
				IPHONEOS_DEPLOYMENT_TARGET = 17.0;
				MARKETING_VERSION = 1.0;
				PRODUCT_BUNDLE_IDENTIFIER = "kr.MobileProgrammig-Final-ProjectTests";
				PRODUCT_NAME = "$(TARGET_NAME)";
				SWIFT_EMIT_LOC_STRINGS = NO;
				SWIFT_VERSION = 5.0;
				TARGETED_DEVICE_FAMILY = "1,2";
				TEST_HOST = "$(BUILT_PRODUCTS_DIR)/MobileProgrammig_Final_Project.app/$(BUNDLE_EXECUTABLE_FOLDER_PATH)/MobileProgrammig_Final_Project";
			};
			name = Release;
		};
		88A575032B188A0700F38425 /* Debug */ = {
			isa = XCBuildConfiguration;
			buildSettings = {
				ALWAYS_EMBED_SWIFT_STANDARD_LIBRARIES = YES;
				CODE_SIGN_STYLE = Automatic;
				CURRENT_PROJECT_VERSION = 1;
				DEVELOPMENT_TEAM = ALUU68J89L;
				GENERATE_INFOPLIST_FILE = YES;
				MARKETING_VERSION = 1.0;
				PRODUCT_BUNDLE_IDENTIFIER = "kr.MobileProgrammig-Final-ProjectUITests";
				PRODUCT_NAME = "$(TARGET_NAME)";
				SWIFT_EMIT_LOC_STRINGS = NO;
				SWIFT_VERSION = 5.0;
				TARGETED_DEVICE_FAMILY = "1,2";
				TEST_TARGET_NAME = MobileProgrammig_Final_Project;
			};
			name = Debug;
		};
		88A575042B188A0700F38425 /* Release */ = {
			isa = XCBuildConfiguration;
			buildSettings = {
				ALWAYS_EMBED_SWIFT_STANDARD_LIBRARIES = YES;
				CODE_SIGN_STYLE = Automatic;
				CURRENT_PROJECT_VERSION = 1;
				DEVELOPMENT_TEAM = ALUU68J89L;
				GENERATE_INFOPLIST_FILE = YES;
				MARKETING_VERSION = 1.0;
				PRODUCT_BUNDLE_IDENTIFIER = "kr.MobileProgrammig-Final-ProjectUITests";
				PRODUCT_NAME = "$(TARGET_NAME)";
				SWIFT_EMIT_LOC_STRINGS = NO;
				SWIFT_VERSION = 5.0;
				TARGETED_DEVICE_FAMILY = "1,2";
				TEST_TARGET_NAME = MobileProgrammig_Final_Project;
			};
			name = Release;
		};
/* End XCBuildConfiguration section */

/* Begin XCConfigurationList section */
		88A574CD2B188A0400F38425 /* Build configuration list for PBXProject "MobileProgrammig_Final_Project" */ = {
			isa = XCConfigurationList;
			buildConfigurations = (
				88A574FA2B188A0700F38425 /* Debug */,
				88A574FB2B188A0700F38425 /* Release */,
			);
			defaultConfigurationIsVisible = 0;
			defaultConfigurationName = Release;
		};
		88A574FC2B188A0700F38425 /* Build configuration list for PBXNativeTarget "MobileProgrammig_Final_Project" */ = {
			isa = XCConfigurationList;
			buildConfigurations = (
				88A574FD2B188A0700F38425 /* Debug */,
				88A574FE2B188A0700F38425 /* Release */,
			);
			defaultConfigurationIsVisible = 0;
			defaultConfigurationName = Release;
		};
		88A574FF2B188A0700F38425 /* Build configuration list for PBXNativeTarget "MobileProgrammig_Final_ProjectTests" */ = {
			isa = XCConfigurationList;
			buildConfigurations = (
				88A575002B188A0700F38425 /* Debug */,
				88A575012B188A0700F38425 /* Release */,
			);
			defaultConfigurationIsVisible = 0;
			defaultConfigurationName = Release;
		};
		88A575022B188A0700F38425 /* Build configuration list for PBXNativeTarget "MobileProgrammig_Final_ProjectUITests" */ = {
			isa = XCConfigurationList;
			buildConfigurations = (
				88A575032B188A0700F38425 /* Debug */,
				88A575042B188A0700F38425 /* Release */,
			);
			defaultConfigurationIsVisible = 0;
			defaultConfigurationName = Release;
		};
/* End XCConfigurationList section */
	};
	rootObject = 88A574CA2B188A0400F38425 /* Project object */;
}
