// !$*UTF8*$!
{
	archiveVersion = 1;
	classes = {
	};
	objectVersion = 77;
	objects = {

/* Begin PBXContainerItemProxy section */
		38898A352D1ABF770093D289 /* PBXContainerItemProxy */ = {
			isa = PBXContainerItemProxy;
			containerPortal = 38898A162D1ABF750093D289 /* Project object */;
			proxyType = 1;
			remoteGlobalIDString = 38898A1D2D1ABF750093D289;
			remoteInfo = SunnyDay;
		};
		38898A3F2D1ABF780093D289 /* PBXContainerItemProxy */ = {
			isa = PBXContainerItemProxy;
			containerPortal = 38898A162D1ABF750093D289 /* Project object */;
			proxyType = 1;
			remoteGlobalIDString = 38898A1D2D1ABF750093D289;
			remoteInfo = SunnyDay;
		};
/* End PBXContainerItemProxy section */

/* Begin PBXFileReference section */
		38898A1E2D1ABF750093D289 /* SunnyDay.app */ = {isa = PBXFileReference; explicitFileType = wrapper.application; includeInIndex = 0; path = SunnyDay.app; sourceTree = BUILT_PRODUCTS_DIR; };
		38898A342D1ABF770093D289 /* SunnyDayTests.xctest */ = {isa = PBXFileReference; explicitFileType = wrapper.cfbundle; includeInIndex = 0; path = SunnyDayTests.xctest; sourceTree = BUILT_PRODUCTS_DIR; };
		38898A3E2D1ABF780093D289 /* SunnyDayUITests.xctest */ = {isa = PBXFileReference; explicitFileType = wrapper.cfbundle; includeInIndex = 0; path = SunnyDayUITests.xctest; sourceTree = BUILT_PRODUCTS_DIR; };
/* End PBXFileReference section */

/* Begin PBXFileSystemSynchronizedBuildFileExceptionSet section */
		38898A462D1ABF780093D289 /* Exceptions for "SunnyDay" folder in "SunnyDay" target */ = {
			isa = PBXFileSystemSynchronizedBuildFileExceptionSet;
			membershipExceptions = (
				Info.plist,
			);
			target = 38898A1D2D1ABF750093D289 /* SunnyDay */;
		};
/* End PBXFileSystemSynchronizedBuildFileExceptionSet section */

/* Begin PBXFileSystemSynchronizedRootGroup section */
		38898A202D1ABF750093D289 /* SunnyDay */ = {
			isa = PBXFileSystemSynchronizedRootGroup;
			exceptions = (
				38898A462D1ABF780093D289 /* Exceptions for "SunnyDay" folder in "SunnyDay" target */,
			);
			path = SunnyDay;
			sourceTree = "<group>";
		};
		38898A372D1ABF770093D289 /* SunnyDayTests */ = {
			isa = PBXFileSystemSynchronizedRootGroup;
			path = SunnyDayTests;
			sourceTree = "<group>";
		};
		38898A412D1ABF780093D289 /* SunnyDayUITests */ = {
			isa = PBXFileSystemSynchronizedRootGroup;
			path = SunnyDayUITests;
			sourceTree = "<group>";
		};
/* End PBXFileSystemSynchronizedRootGroup section */

/* Begin PBXFrameworksBuildPhase section */
		38898A1B2D1ABF750093D289 /* Frameworks */ = {
			isa = PBXFrameworksBuildPhase;
			buildActionMask = 2147483647;
			files = (
			);
			runOnlyForDeploymentPostprocessing = 0;
		};
		38898A312D1ABF770093D289 /* Frameworks */ = {
			isa = PBXFrameworksBuildPhase;
			buildActionMask = 2147483647;
			files = (
			);
			runOnlyForDeploymentPostprocessing = 0;
		};
		38898A3B2D1ABF780093D289 /* Frameworks */ = {
			isa = PBXFrameworksBuildPhase;
			buildActionMask = 2147483647;
			files = (
			);
			runOnlyForDeploymentPostprocessing = 0;
		};
/* End PBXFrameworksBuildPhase section */

/* Begin PBXGroup section */
		38898A152D1ABF750093D289 = {
			isa = PBXGroup;
			children = (
				38898A202D1ABF750093D289 /* SunnyDay */,
				38898A372D1ABF770093D289 /* SunnyDayTests */,
				38898A412D1ABF780093D289 /* SunnyDayUITests */,
				38898A1F2D1ABF750093D289 /* Products */,
			);
			sourceTree = "<group>";
		};
		38898A1F2D1ABF750093D289 /* Products */ = {
			isa = PBXGroup;
			children = (
				38898A1E2D1ABF750093D289 /* SunnyDay.app */,
				38898A342D1ABF770093D289 /* SunnyDayTests.xctest */,
				38898A3E2D1ABF780093D289 /* SunnyDayUITests.xctest */,
			);
			name = Products;
			sourceTree = "<group>";
		};
/* End PBXGroup section */

/* Begin PBXNativeTarget section */
		38898A1D2D1ABF750093D289 /* SunnyDay */ = {
			isa = PBXNativeTarget;
			buildConfigurationList = 38898A472D1ABF780093D289 /* Build configuration list for PBXNativeTarget "SunnyDay" */;
			buildPhases = (
				38898A1A2D1ABF750093D289 /* Sources */,
				38898A1B2D1ABF750093D289 /* Frameworks */,
				38898A1C2D1ABF750093D289 /* Resources */,
			);
			buildRules = (
			);
			dependencies = (
			);
			fileSystemSynchronizedGroups = (
				38898A202D1ABF750093D289 /* SunnyDay */,
			);
			name = SunnyDay;
			packageProductDependencies = (
			);
			productName = SunnyDay;
			productReference = 38898A1E2D1ABF750093D289 /* SunnyDay.app */;
			productType = "com.apple.product-type.application";
		};
		38898A332D1ABF770093D289 /* SunnyDayTests */ = {
			isa = PBXNativeTarget;
			buildConfigurationList = 38898A4C2D1ABF780093D289 /* Build configuration list for PBXNativeTarget "SunnyDayTests" */;
			buildPhases = (
				38898A302D1ABF770093D289 /* Sources */,
				38898A312D1ABF770093D289 /* Frameworks */,
				38898A322D1ABF770093D289 /* Resources */,
			);
			buildRules = (
			);
			dependencies = (
				38898A362D1ABF770093D289 /* PBXTargetDependency */,
			);
			fileSystemSynchronizedGroups = (
				38898A372D1ABF770093D289 /* SunnyDayTests */,
			);
			name = SunnyDayTests;
			packageProductDependencies = (
			);
			productName = SunnyDayTests;
			productReference = 38898A342D1ABF770093D289 /* SunnyDayTests.xctest */;
			productType = "com.apple.product-type.bundle.unit-test";
		};
		38898A3D2D1ABF780093D289 /* SunnyDayUITests */ = {
			isa = PBXNativeTarget;
			buildConfigurationList = 38898A4F2D1ABF780093D289 /* Build configuration list for PBXNativeTarget "SunnyDayUITests" */;
			buildPhases = (
				38898A3A2D1ABF780093D289 /* Sources */,
				38898A3B2D1ABF780093D289 /* Frameworks */,
				38898A3C2D1ABF780093D289 /* Resources */,
			);
			buildRules = (
			);
			dependencies = (
				38898A402D1ABF780093D289 /* PBXTargetDependency */,
			);
			fileSystemSynchronizedGroups = (
				38898A412D1ABF780093D289 /* SunnyDayUITests */,
			);
			name = SunnyDayUITests;
			packageProductDependencies = (
			);
			productName = SunnyDayUITests;
			productReference = 38898A3E2D1ABF780093D289 /* SunnyDayUITests.xctest */;
			productType = "com.apple.product-type.bundle.ui-testing";
		};
/* End PBXNativeTarget section */

/* Begin PBXProject section */
		38898A162D1ABF750093D289 /* Project object */ = {
			isa = PBXProject;
			attributes = {
				BuildIndependentTargetsInParallel = 1;
				LastSwiftUpdateCheck = 1610;
				LastUpgradeCheck = 1610;
				TargetAttributes = {
					38898A1D2D1ABF750093D289 = {
						CreatedOnToolsVersion = 16.1;
					};
					38898A332D1ABF770093D289 = {
						CreatedOnToolsVersion = 16.1;
						TestTargetID = 38898A1D2D1ABF750093D289;
					};
					38898A3D2D1ABF780093D289 = {
						CreatedOnToolsVersion = 16.1;
						TestTargetID = 38898A1D2D1ABF750093D289;
					};
				};
			};
			buildConfigurationList = 38898A192D1ABF750093D289 /* Build configuration list for PBXProject "SunnyDay" */;
			developmentRegion = en;
			hasScannedForEncodings = 0;
			knownRegions = (
				en,
				Base,
			);
			mainGroup = 38898A152D1ABF750093D289;
			minimizedProjectReferenceProxies = 1;
			preferredProjectObjectVersion = 77;
			productRefGroup = 38898A1F2D1ABF750093D289 /* Products */;
			projectDirPath = "";
			projectRoot = "";
			targets = (
				38898A1D2D1ABF750093D289 /* SunnyDay */,
				38898A332D1ABF770093D289 /* SunnyDayTests */,
				38898A3D2D1ABF780093D289 /* SunnyDayUITests */,
			);
		};
/* End PBXProject section */

/* Begin PBXResourcesBuildPhase section */
		38898A1C2D1ABF750093D289 /* Resources */ = {
			isa = PBXResourcesBuildPhase;
			buildActionMask = 2147483647;
			files = (
			);
			runOnlyForDeploymentPostprocessing = 0;
		};
		38898A322D1ABF770093D289 /* Resources */ = {
			isa = PBXResourcesBuildPhase;
			buildActionMask = 2147483647;
			files = (
			);
			runOnlyForDeploymentPostprocessing = 0;
		};
		38898A3C2D1ABF780093D289 /* Resources */ = {
			isa = PBXResourcesBuildPhase;
			buildActionMask = 2147483647;
			files = (
			);
			runOnlyForDeploymentPostprocessing = 0;
		};
/* End PBXResourcesBuildPhase section */

/* Begin PBXSourcesBuildPhase section */
		38898A1A2D1ABF750093D289 /* Sources */ = {
			isa = PBXSourcesBuildPhase;
			buildActionMask = 2147483647;
			files = (
			);
			runOnlyForDeploymentPostprocessing = 0;
		};
		38898A302D1ABF770093D289 /* Sources */ = {
			isa = PBXSourcesBuildPhase;
			buildActionMask = 2147483647;
			files = (
			);
			runOnlyForDeploymentPostprocessing = 0;
		};
		38898A3A2D1ABF780093D289 /* Sources */ = {
			isa = PBXSourcesBuildPhase;
			buildActionMask = 2147483647;
			files = (
			);
			runOnlyForDeploymentPostprocessing = 0;
		};
/* End PBXSourcesBuildPhase section */

/* Begin PBXTargetDependency section */
		38898A362D1ABF770093D289 /* PBXTargetDependency */ = {
			isa = PBXTargetDependency;
			target = 38898A1D2D1ABF750093D289 /* SunnyDay */;
			targetProxy = 38898A352D1ABF770093D289 /* PBXContainerItemProxy */;
		};
		38898A402D1ABF780093D289 /* PBXTargetDependency */ = {
			isa = PBXTargetDependency;
			target = 38898A1D2D1ABF750093D289 /* SunnyDay */;
			targetProxy = 38898A3F2D1ABF780093D289 /* PBXContainerItemProxy */;
		};
/* End PBXTargetDependency section */

/* Begin XCBuildConfiguration section */
		38898A482D1ABF780093D289 /* Debug */ = {
			isa = XCBuildConfiguration;
			buildSettings = {
				ASSETCATALOG_COMPILER_APPICON_NAME = AppIcon;
				ASSETCATALOG_COMPILER_GLOBAL_ACCENT_COLOR_NAME = AccentColor;
				CODE_SIGN_STYLE = Automatic;
				CURRENT_PROJECT_VERSION = 1;
				DEVELOPMENT_TEAM = ALUU68J89L;
				GENERATE_INFOPLIST_FILE = YES;
				INFOPLIST_FILE = SunnyDay/Info.plist;
				INFOPLIST_KEY_UIApplicationSupportsIndirectInputEvents = YES;
				INFOPLIST_KEY_UILaunchStoryboardName = LaunchScreen;
				INFOPLIST_KEY_UIMainStoryboardFile = Main;
				INFOPLIST_KEY_UISupportedInterfaceOrientations_iPad = "UIInterfaceOrientationPortrait UIInterfaceOrientationPortraitUpsideDown UIInterfaceOrientationLandscapeLeft UIInterfaceOrientationLandscapeRight";
				INFOPLIST_KEY_UISupportedInterfaceOrientations_iPhone = "UIInterfaceOrientationPortrait UIInterfaceOrientationLandscapeLeft UIInterfaceOrientationLandscapeRight";
				LD_RUNPATH_SEARCH_PATHS = (
					"$(inherited)",
					"@executable_path/Frameworks",
				);
				MARKETING_VERSION = 1.0;
				PRODUCT_BUNDLE_IDENTIFIER = wogud.SunnyDay;
				PRODUCT_NAME = "$(TARGET_NAME)";
				SWIFT_EMIT_LOC_STRINGS = YES;
				SWIFT_VERSION = 5.0;
				TARGETED_DEVICE_FAMILY = "1,2";
			};
			name = Debug;
		};
		38898A492D1ABF780093D289 /* Release */ = {
			isa = XCBuildConfiguration;
			buildSettings = {
				ASSETCATALOG_COMPILER_APPICON_NAME = AppIcon;
				ASSETCATALOG_COMPILER_GLOBAL_ACCENT_COLOR_NAME = AccentColor;
				CODE_SIGN_STYLE = Automatic;
				CURRENT_PROJECT_VERSION = 1;
				DEVELOPMENT_TEAM = ALUU68J89L;
				GENERATE_INFOPLIST_FILE = YES;
				INFOPLIST_FILE = SunnyDay/Info.plist;
				INFOPLIST_KEY_UIApplicationSupportsIndirectInputEvents = YES;
				INFOPLIST_KEY_UILaunchStoryboardName = LaunchScreen;
				INFOPLIST_KEY_UIMainStoryboardFile = Main;
				INFOPLIST_KEY_UISupportedInterfaceOrientations_iPad = "UIInterfaceOrientationPortrait UIInterfaceOrientationPortraitUpsideDown UIInterfaceOrientationLandscapeLeft UIInterfaceOrientationLandscapeRight";
				INFOPLIST_KEY_UISupportedInterfaceOrientations_iPhone = "UIInterfaceOrientationPortrait UIInterfaceOrientationLandscapeLeft UIInterfaceOrientationLandscapeRight";
				LD_RUNPATH_SEARCH_PATHS = (
					"$(inherited)",
					"@executable_path/Frameworks",
				);
				MARKETING_VERSION = 1.0;
				PRODUCT_BUNDLE_IDENTIFIER = wogud.SunnyDay;
				PRODUCT_NAME = "$(TARGET_NAME)";
				SWIFT_EMIT_LOC_STRINGS = YES;
				SWIFT_VERSION = 5.0;
				TARGETED_DEVICE_FAMILY = "1,2";
			};
			name = Release;
		};
		38898A4A2D1ABF780093D289 /* Debug */ = {
			isa = XCBuildConfiguration;
			buildSettings = {
				ALWAYS_SEARCH_USER_PATHS = NO;
				ASSETCATALOG_COMPILER_GENERATE_SWIFT_ASSET_SYMBOL_EXTENSIONS = YES;
				CLANG_ANALYZER_NONNULL = YES;
				CLANG_ANALYZER_NUMBER_OBJECT_CONVERSION = YES_AGGRESSIVE;
				CLANG_CXX_LANGUAGE_STANDARD = "gnu++20";
				CLANG_ENABLE_MODULES = YES;
				CLANG_ENABLE_OBJC_ARC = YES;
				CLANG_ENABLE_OBJC_WEAK = YES;
				CLANG_WARN_BLOCK_CAPTURE_AUTORELEASING = YES;
				CLANG_WARN_BOOL_CONVERSION = YES;
				CLANG_WARN_COMMA = YES;
				CLANG_WARN_CONSTANT_CONVERSION = YES;
				CLANG_WARN_DEPRECATED_OBJC_IMPLEMENTATIONS = YES;
				CLANG_WARN_DIRECT_OBJC_ISA_USAGE = YES_ERROR;
				CLANG_WARN_DOCUMENTATION_COMMENTS = YES;
				CLANG_WARN_EMPTY_BODY = YES;
				CLANG_WARN_ENUM_CONVERSION = YES;
				CLANG_WARN_INFINITE_RECURSION = YES;
				CLANG_WARN_INT_CONVERSION = YES;
				CLANG_WARN_NON_LITERAL_NULL_CONVERSION = YES;
				CLANG_WARN_OBJC_IMPLICIT_RETAIN_SELF = YES;
				CLANG_WARN_OBJC_LITERAL_CONVERSION = YES;
				CLANG_WARN_OBJC_ROOT_CLASS = YES_ERROR;
				CLANG_WARN_QUOTED_INCLUDE_IN_FRAMEWORK_HEADER = YES;
				CLANG_WARN_RANGE_LOOP_ANALYSIS = YES;
				CLANG_WARN_STRICT_PROTOTYPES = YES;
				CLANG_WARN_SUSPICIOUS_MOVE = YES;
				CLANG_WARN_UNGUARDED_AVAILABILITY = YES_AGGRESSIVE;
				CLANG_WARN_UNREACHABLE_CODE = YES;
				CLANG_WARN__DUPLICATE_METHOD_MATCH = YES;
				COPY_PHASE_STRIP = NO;
				DEBUG_INFORMATION_FORMAT = dwarf;
				ENABLE_STRICT_OBJC_MSGSEND = YES;
				ENABLE_TESTABILITY = YES;
				ENABLE_USER_SCRIPT_SANDBOXING = YES;
				GCC_C_LANGUAGE_STANDARD = gnu17;
				GCC_DYNAMIC_NO_PIC = NO;
				GCC_NO_COMMON_BLOCKS = YES;
				GCC_OPTIMIZATION_LEVEL = 0;
				GCC_PREPROCESSOR_DEFINITIONS = (
					"DEBUG=1",
					"$(inherited)",
				);
				GCC_WARN_64_TO_32_BIT_CONVERSION = YES;
				GCC_WARN_ABOUT_RETURN_TYPE = YES_ERROR;
				GCC_WARN_UNDECLARED_SELECTOR = YES;
				GCC_WARN_UNINITIALIZED_AUTOS = YES_AGGRESSIVE;
				GCC_WARN_UNUSED_FUNCTION = YES;
				GCC_WARN_UNUSED_VARIABLE = YES;
				IPHONEOS_DEPLOYMENT_TARGET = 18.1;
				LOCALIZATION_PREFERS_STRING_CATALOGS = YES;
				MTL_ENABLE_DEBUG_INFO = INCLUDE_SOURCE;
				MTL_FAST_MATH = YES;
				ONLY_ACTIVE_ARCH = YES;
				SDKROOT = iphoneos;
				SWIFT_ACTIVE_COMPILATION_CONDITIONS = "DEBUG $(inherited)";
				SWIFT_OPTIMIZATION_LEVEL = "-Onone";
			};
			name = Debug;
		};
		38898A4B2D1ABF780093D289 /* Release */ = {
			isa = XCBuildConfiguration;
			buildSettings = {
				ALWAYS_SEARCH_USER_PATHS = NO;
				ASSETCATALOG_COMPILER_GENERATE_SWIFT_ASSET_SYMBOL_EXTENSIONS = YES;
				CLANG_ANALYZER_NONNULL = YES;
				CLANG_ANALYZER_NUMBER_OBJECT_CONVERSION = YES_AGGRESSIVE;
				CLANG_CXX_LANGUAGE_STANDARD = "gnu++20";
				CLANG_ENABLE_MODULES = YES;
				CLANG_ENABLE_OBJC_ARC = YES;
				CLANG_ENABLE_OBJC_WEAK = YES;
				CLANG_WARN_BLOCK_CAPTURE_AUTORELEASING = YES;
				CLANG_WARN_BOOL_CONVERSION = YES;
				CLANG_WARN_COMMA = YES;
				CLANG_WARN_CONSTANT_CONVERSION = YES;
				CLANG_WARN_DEPRECATED_OBJC_IMPLEMENTATIONS = YES;
				CLANG_WARN_DIRECT_OBJC_ISA_USAGE = YES_ERROR;
				CLANG_WARN_DOCUMENTATION_COMMENTS = YES;
				CLANG_WARN_EMPTY_BODY = YES;
				CLANG_WARN_ENUM_CONVERSION = YES;
				CLANG_WARN_INFINITE_RECURSION = YES;
				CLANG_WARN_INT_CONVERSION = YES;
				CLANG_WARN_NON_LITERAL_NULL_CONVERSION = YES;
				CLANG_WARN_OBJC_IMPLICIT_RETAIN_SELF = YES;
				CLANG_WARN_OBJC_LITERAL_CONVERSION = YES;
				CLANG_WARN_OBJC_ROOT_CLASS = YES_ERROR;
				CLANG_WARN_QUOTED_INCLUDE_IN_FRAMEWORK_HEADER = YES;
				CLANG_WARN_RANGE_LOOP_ANALYSIS = YES;
				CLANG_WARN_STRICT_PROTOTYPES = YES;
				CLANG_WARN_SUSPICIOUS_MOVE = YES;
				CLANG_WARN_UNGUARDED_AVAILABILITY = YES_AGGRESSIVE;
				CLANG_WARN_UNREACHABLE_CODE = YES;
				CLANG_WARN__DUPLICATE_METHOD_MATCH = YES;
				COPY_PHASE_STRIP = NO;
				DEBUG_INFORMATION_FORMAT = "dwarf-with-dsym";
				ENABLE_NS_ASSERTIONS = NO;
				ENABLE_STRICT_OBJC_MSGSEND = YES;
				ENABLE_USER_SCRIPT_SANDBOXING = YES;
				GCC_C_LANGUAGE_STANDARD = gnu17;
				GCC_NO_COMMON_BLOCKS = YES;
				GCC_WARN_64_TO_32_BIT_CONVERSION = YES;
				GCC_WARN_ABOUT_RETURN_TYPE = YES_ERROR;
				GCC_WARN_UNDECLARED_SELECTOR = YES;
				GCC_WARN_UNINITIALIZED_AUTOS = YES_AGGRESSIVE;
				GCC_WARN_UNUSED_FUNCTION = YES;
				GCC_WARN_UNUSED_VARIABLE = YES;
				IPHONEOS_DEPLOYMENT_TARGET = 18.1;
				LOCALIZATION_PREFERS_STRING_CATALOGS = YES;
				MTL_ENABLE_DEBUG_INFO = NO;
				MTL_FAST_MATH = YES;
				SDKROOT = iphoneos;
				SWIFT_COMPILATION_MODE = wholemodule;
				VALIDATE_PRODUCT = YES;
			};
			name = Release;
		};
		38898A4D2D1ABF780093D289 /* Debug */ = {
			isa = XCBuildConfiguration;
			buildSettings = {
				BUNDLE_LOADER = "$(TEST_HOST)";
				CODE_SIGN_STYLE = Automatic;
				CURRENT_PROJECT_VERSION = 1;
				DEVELOPMENT_TEAM = ALUU68J89L;
				GENERATE_INFOPLIST_FILE = YES;
				IPHONEOS_DEPLOYMENT_TARGET = 18.1;
				MARKETING_VERSION = 1.0;
				PRODUCT_BUNDLE_IDENTIFIER = wogud.SunnyDayTests;
				PRODUCT_NAME = "$(TARGET_NAME)";
				SWIFT_EMIT_LOC_STRINGS = NO;
				SWIFT_VERSION = 5.0;
				TARGETED_DEVICE_FAMILY = "1,2";
				TEST_HOST = "$(BUILT_PRODUCTS_DIR)/SunnyDay.app/$(BUNDLE_EXECUTABLE_FOLDER_PATH)/SunnyDay";
			};
			name = Debug;
		};
		38898A4E2D1ABF780093D289 /* Release */ = {
			isa = XCBuildConfiguration;
			buildSettings = {
				BUNDLE_LOADER = "$(TEST_HOST)";
				CODE_SIGN_STYLE = Automatic;
				CURRENT_PROJECT_VERSION = 1;
				DEVELOPMENT_TEAM = ALUU68J89L;
				GENERATE_INFOPLIST_FILE = YES;
				IPHONEOS_DEPLOYMENT_TARGET = 18.1;
				MARKETING_VERSION = 1.0;
				PRODUCT_BUNDLE_IDENTIFIER = wogud.SunnyDayTests;
				PRODUCT_NAME = "$(TARGET_NAME)";
				SWIFT_EMIT_LOC_STRINGS = NO;
				SWIFT_VERSION = 5.0;
				TARGETED_DEVICE_FAMILY = "1,2";
				TEST_HOST = "$(BUILT_PRODUCTS_DIR)/SunnyDay.app/$(BUNDLE_EXECUTABLE_FOLDER_PATH)/SunnyDay";
			};
			name = Release;
		};
		38898A502D1ABF780093D289 /* Debug */ = {
			isa = XCBuildConfiguration;
			buildSettings = {
				CODE_SIGN_STYLE = Automatic;
				CURRENT_PROJECT_VERSION = 1;
				DEVELOPMENT_TEAM = ALUU68J89L;
				GENERATE_INFOPLIST_FILE = YES;
				MARKETING_VERSION = 1.0;
				PRODUCT_BUNDLE_IDENTIFIER = wogud.SunnyDayUITests;
				PRODUCT_NAME = "$(TARGET_NAME)";
				SWIFT_EMIT_LOC_STRINGS = NO;
				SWIFT_VERSION = 5.0;
				TARGETED_DEVICE_FAMILY = "1,2";
				TEST_TARGET_NAME = SunnyDay;
			};
			name = Debug;
		};
		38898A512D1ABF780093D289 /* Release */ = {
			isa = XCBuildConfiguration;
			buildSettings = {
				CODE_SIGN_STYLE = Automatic;
				CURRENT_PROJECT_VERSION = 1;
				DEVELOPMENT_TEAM = ALUU68J89L;
				GENERATE_INFOPLIST_FILE = YES;
				MARKETING_VERSION = 1.0;
				PRODUCT_BUNDLE_IDENTIFIER = wogud.SunnyDayUITests;
				PRODUCT_NAME = "$(TARGET_NAME)";
				SWIFT_EMIT_LOC_STRINGS = NO;
				SWIFT_VERSION = 5.0;
				TARGETED_DEVICE_FAMILY = "1,2";
				TEST_TARGET_NAME = SunnyDay;
			};
			name = Release;
		};
/* End XCBuildConfiguration section */

/* Begin XCConfigurationList section */
		38898A192D1ABF750093D289 /* Build configuration list for PBXProject "SunnyDay" */ = {
			isa = XCConfigurationList;
			buildConfigurations = (
				38898A4A2D1ABF780093D289 /* Debug */,
				38898A4B2D1ABF780093D289 /* Release */,
			);
			defaultConfigurationIsVisible = 0;
			defaultConfigurationName = Release;
		};
		38898A472D1ABF780093D289 /* Build configuration list for PBXNativeTarget "SunnyDay" */ = {
			isa = XCConfigurationList;
			buildConfigurations = (
				38898A482D1ABF780093D289 /* Debug */,
				38898A492D1ABF780093D289 /* Release */,
			);
			defaultConfigurationIsVisible = 0;
			defaultConfigurationName = Release;
		};
		38898A4C2D1ABF780093D289 /* Build configuration list for PBXNativeTarget "SunnyDayTests" */ = {
			isa = XCConfigurationList;
			buildConfigurations = (
				38898A4D2D1ABF780093D289 /* Debug */,
				38898A4E2D1ABF780093D289 /* Release */,
			);
			defaultConfigurationIsVisible = 0;
			defaultConfigurationName = Release;
		};
		38898A4F2D1ABF780093D289 /* Build configuration list for PBXNativeTarget "SunnyDayUITests" */ = {
			isa = XCConfigurationList;
			buildConfigurations = (
				38898A502D1ABF780093D289 /* Debug */,
				38898A512D1ABF780093D289 /* Release */,
			);
			defaultConfigurationIsVisible = 0;
			defaultConfigurationName = Release;
		};
/* End XCConfigurationList section */
	};
	rootObject = 38898A162D1ABF750093D289 /* Project object */;
}
