// !$*UTF8*$!
{
	archiveVersion = 1;
	classes = {
	};
	objectVersion = 56;
	objects = {

/* Begin PBXBuildFile section */
		88725B9A2AFC5A1C00F6E302 /* AppDelegate.swift in Sources */ = {isa = PBXBuildFile; fileRef = 88725B992AFC5A1C00F6E302 /* AppDelegate.swift */; };
		88725B9C2AFC5A1C00F6E302 /* SceneDelegate.swift in Sources */ = {isa = PBXBuildFile; fileRef = 88725B9B2AFC5A1C00F6E302 /* SceneDelegate.swift */; };
		88725B9E2AFC5A1C00F6E302 /* ViewController.swift in Sources */ = {isa = PBXBuildFile; fileRef = 88725B9D2AFC5A1C00F6E302 /* ViewController.swift */; };
		88725BA12AFC5A1C00F6E302 /* Main.storyboard in Resources */ = {isa = PBXBuildFile; fileRef = 88725B9F2AFC5A1C00F6E302 /* Main.storyboard */; };
		88725BA32AFC5A1E00F6E302 /* Assets.xcassets in Resources */ = {isa = PBXBuildFile; fileRef = 88725BA22AFC5A1E00F6E302 /* Assets.xcassets */; };
		88725BA62AFC5A1E00F6E302 /* LaunchScreen.storyboard in Resources */ = {isa = PBXBuildFile; fileRef = 88725BA42AFC5A1E00F6E302 /* LaunchScreen.storyboard */; };
		88725BB12AFC5A1F00F6E302 /* imageviewTests.swift in Sources */ = {isa = PBXBuildFile; fileRef = 88725BB02AFC5A1F00F6E302 /* imageviewTests.swift */; };
		88725BBB2AFC5A1F00F6E302 /* imageviewUITests.swift in Sources */ = {isa = PBXBuildFile; fileRef = 88725BBA2AFC5A1F00F6E302 /* imageviewUITests.swift */; };
		88725BBD2AFC5A1F00F6E302 /* imageviewUITestsLaunchTests.swift in Sources */ = {isa = PBXBuildFile; fileRef = 88725BBC2AFC5A1F00F6E302 /* imageviewUITestsLaunchTests.swift */; };
		88725BCA2AFC5B6500F6E302 /* lamp_off.png in Resources */ = {isa = PBXBuildFile; fileRef = 88725BC92AFC5B6500F6E302 /* lamp_off.png */; };
		88725BCC2AFC5B6E00F6E302 /* lamp_on.png in Resources */ = {isa = PBXBuildFile; fileRef = 88725BCB2AFC5B6E00F6E302 /* lamp_on.png */; };
/* End PBXBuildFile section */

/* Begin PBXContainerItemProxy section */
		88725BAD2AFC5A1F00F6E302 /* PBXContainerItemProxy */ = {
			isa = PBXContainerItemProxy;
			containerPortal = 88725B8E2AFC5A1C00F6E302 /* Project object */;
			proxyType = 1;
			remoteGlobalIDString = 88725B952AFC5A1C00F6E302;
			remoteInfo = imageview;
		};
		88725BB72AFC5A1F00F6E302 /* PBXContainerItemProxy */ = {
			isa = PBXContainerItemProxy;
			containerPortal = 88725B8E2AFC5A1C00F6E302 /* Project object */;
			proxyType = 1;
			remoteGlobalIDString = 88725B952AFC5A1C00F6E302;
			remoteInfo = imageview;
		};
/* End PBXContainerItemProxy section */

/* Begin PBXFileReference section */
		88725B962AFC5A1C00F6E302 /* imageview.app */ = {isa = PBXFileReference; explicitFileType = wrapper.application; includeInIndex = 0; path = imageview.app; sourceTree = BUILT_PRODUCTS_DIR; };
		88725B992AFC5A1C00F6E302 /* AppDelegate.swift */ = {isa = PBXFileReference; lastKnownFileType = sourcecode.swift; path = AppDelegate.swift; sourceTree = "<group>"; };
		88725B9B2AFC5A1C00F6E302 /* SceneDelegate.swift */ = {isa = PBXFileReference; lastKnownFileType = sourcecode.swift; path = SceneDelegate.swift; sourceTree = "<group>"; };
		88725B9D2AFC5A1C00F6E302 /* ViewController.swift */ = {isa = PBXFileReference; lastKnownFileType = sourcecode.swift; path = ViewController.swift; sourceTree = "<group>"; };
		88725BA02AFC5A1C00F6E302 /* Base */ = {isa = PBXFileReference; lastKnownFileType = file.storyboard; name = Base; path = Base.lproj/Main.storyboard; sourceTree = "<group>"; };
		88725BA22AFC5A1E00F6E302 /* Assets.xcassets */ = {isa = PBXFileReference; lastKnownFileType = folder.assetcatalog; path = Assets.xcassets; sourceTree = "<group>"; };
		88725BA52AFC5A1E00F6E302 /* Base */ = {isa = PBXFileReference; lastKnownFileType = file.storyboard; name = Base; path = Base.lproj/LaunchScreen.storyboard; sourceTree = "<group>"; };
		88725BA72AFC5A1E00F6E302 /* Info.plist */ = {isa = PBXFileReference; lastKnownFileType = text.plist.xml; path = Info.plist; sourceTree = "<group>"; };
		88725BAC2AFC5A1F00F6E302 /* imageviewTests.xctest */ = {isa = PBXFileReference; explicitFileType = wrapper.cfbundle; includeInIndex = 0; path = imageviewTests.xctest; sourceTree = BUILT_PRODUCTS_DIR; };
		88725BB02AFC5A1F00F6E302 /* imageviewTests.swift */ = {isa = PBXFileReference; lastKnownFileType = sourcecode.swift; path = imageviewTests.swift; sourceTree = "<group>"; };
		88725BB62AFC5A1F00F6E302 /* imageviewUITests.xctest */ = {isa = PBXFileReference; explicitFileType = wrapper.cfbundle; includeInIndex = 0; path = imageviewUITests.xctest; sourceTree = BUILT_PRODUCTS_DIR; };
		88725BBA2AFC5A1F00F6E302 /* imageviewUITests.swift */ = {isa = PBXFileReference; lastKnownFileType = sourcecode.swift; path = imageviewUITests.swift; sourceTree = "<group>"; };
		88725BBC2AFC5A1F00F6E302 /* imageviewUITestsLaunchTests.swift */ = {isa = PBXFileReference; lastKnownFileType = sourcecode.swift; path = imageviewUITestsLaunchTests.swift; sourceTree = "<group>"; };
		88725BC92AFC5B6500F6E302 /* lamp_off.png */ = {isa = PBXFileReference; lastKnownFileType = image.png; path = lamp_off.png; sourceTree = "<group>"; };
		88725BCB2AFC5B6E00F6E302 /* lamp_on.png */ = {isa = PBXFileReference; lastKnownFileType = image.png; path = lamp_on.png; sourceTree = "<group>"; };
/* End PBXFileReference section */

/* Begin PBXFrameworksBuildPhase section */
		88725B932AFC5A1C00F6E302 /* Frameworks */ = {
			isa = PBXFrameworksBuildPhase;
			buildActionMask = 2147483647;
			files = (
			);
			runOnlyForDeploymentPostprocessing = 0;
		};
		88725BA92AFC5A1F00F6E302 /* Frameworks */ = {
			isa = PBXFrameworksBuildPhase;
			buildActionMask = 2147483647;
			files = (
			);
			runOnlyForDeploymentPostprocessing = 0;
		};
		88725BB32AFC5A1F00F6E302 /* Frameworks */ = {
			isa = PBXFrameworksBuildPhase;
			buildActionMask = 2147483647;
			files = (
			);
			runOnlyForDeploymentPostprocessing = 0;
		};
/* End PBXFrameworksBuildPhase section */

/* Begin PBXGroup section */
		88725B8D2AFC5A1C00F6E302 = {
			isa = PBXGroup;
			children = (
				88725B982AFC5A1C00F6E302 /* imageview */,
				88725BAF2AFC5A1F00F6E302 /* imageviewTests */,
				88725BB92AFC5A1F00F6E302 /* imageviewUITests */,
				88725B972AFC5A1C00F6E302 /* Products */,
			);
			sourceTree = "<group>";
		};
		88725B972AFC5A1C00F6E302 /* Products */ = {
			isa = PBXGroup;
			children = (
				88725B962AFC5A1C00F6E302 /* imageview.app */,
				88725BAC2AFC5A1F00F6E302 /* imageviewTests.xctest */,
				88725BB62AFC5A1F00F6E302 /* imageviewUITests.xctest */,
			);
			name = Products;
			sourceTree = "<group>";
		};
		88725B982AFC5A1C00F6E302 /* imageview */ = {
			isa = PBXGroup;
			children = (
				88725BCB2AFC5B6E00F6E302 /* lamp_on.png */,
				88725BC92AFC5B6500F6E302 /* lamp_off.png */,
				88725B992AFC5A1C00F6E302 /* AppDelegate.swift */,
				88725B9B2AFC5A1C00F6E302 /* SceneDelegate.swift */,
				88725B9D2AFC5A1C00F6E302 /* ViewController.swift */,
				88725B9F2AFC5A1C00F6E302 /* Main.storyboard */,
				88725BA22AFC5A1E00F6E302 /* Assets.xcassets */,
				88725BA42AFC5A1E00F6E302 /* LaunchScreen.storyboard */,
				88725BA72AFC5A1E00F6E302 /* Info.plist */,
			);
			path = imageview;
			sourceTree = "<group>";
		};
		88725BAF2AFC5A1F00F6E302 /* imageviewTests */ = {
			isa = PBXGroup;
			children = (
				88725BB02AFC5A1F00F6E302 /* imageviewTests.swift */,
			);
			path = imageviewTests;
			sourceTree = "<group>";
		};
		88725BB92AFC5A1F00F6E302 /* imageviewUITests */ = {
			isa = PBXGroup;
			children = (
				88725BBA2AFC5A1F00F6E302 /* imageviewUITests.swift */,
				88725BBC2AFC5A1F00F6E302 /* imageviewUITestsLaunchTests.swift */,
			);
			path = imageviewUITests;
			sourceTree = "<group>";
		};
/* End PBXGroup section */

/* Begin PBXNativeTarget section */
		88725B952AFC5A1C00F6E302 /* imageview */ = {
			isa = PBXNativeTarget;
			buildConfigurationList = 88725BC02AFC5A1F00F6E302 /* Build configuration list for PBXNativeTarget "imageview" */;
			buildPhases = (
				88725B922AFC5A1C00F6E302 /* Sources */,
				88725B932AFC5A1C00F6E302 /* Frameworks */,
				88725B942AFC5A1C00F6E302 /* Resources */,
			);
			buildRules = (
			);
			dependencies = (
			);
			name = imageview;
			productName = imageview;
			productReference = 88725B962AFC5A1C00F6E302 /* imageview.app */;
			productType = "com.apple.product-type.application";
		};
		88725BAB2AFC5A1F00F6E302 /* imageviewTests */ = {
			isa = PBXNativeTarget;
			buildConfigurationList = 88725BC32AFC5A1F00F6E302 /* Build configuration list for PBXNativeTarget "imageviewTests" */;
			buildPhases = (
				88725BA82AFC5A1F00F6E302 /* Sources */,
				88725BA92AFC5A1F00F6E302 /* Frameworks */,
				88725BAA2AFC5A1F00F6E302 /* Resources */,
			);
			buildRules = (
			);
			dependencies = (
				88725BAE2AFC5A1F00F6E302 /* PBXTargetDependency */,
			);
			name = imageviewTests;
			productName = imageviewTests;
			productReference = 88725BAC2AFC5A1F00F6E302 /* imageviewTests.xctest */;
			productType = "com.apple.product-type.bundle.unit-test";
		};
		88725BB52AFC5A1F00F6E302 /* imageviewUITests */ = {
			isa = PBXNativeTarget;
			buildConfigurationList = 88725BC62AFC5A1F00F6E302 /* Build configuration list for PBXNativeTarget "imageviewUITests" */;
			buildPhases = (
				88725BB22AFC5A1F00F6E302 /* Sources */,
				88725BB32AFC5A1F00F6E302 /* Frameworks */,
				88725BB42AFC5A1F00F6E302 /* Resources */,
			);
			buildRules = (
			);
			dependencies = (
				88725BB82AFC5A1F00F6E302 /* PBXTargetDependency */,
			);
			name = imageviewUITests;
			productName = imageviewUITests;
			productReference = 88725BB62AFC5A1F00F6E302 /* imageviewUITests.xctest */;
			productType = "com.apple.product-type.bundle.ui-testing";
		};
/* End PBXNativeTarget section */

/* Begin PBXProject section */
		88725B8E2AFC5A1C00F6E302 /* Project object */ = {
			isa = PBXProject;
			attributes = {
				BuildIndependentTargetsInParallel = 1;
				LastSwiftUpdateCheck = 1500;
				LastUpgradeCheck = 1500;
				TargetAttributes = {
					88725B952AFC5A1C00F6E302 = {
						CreatedOnToolsVersion = 15.0.1;
					};
					88725BAB2AFC5A1F00F6E302 = {
						CreatedOnToolsVersion = 15.0.1;
						TestTargetID = 88725B952AFC5A1C00F6E302;
					};
					88725BB52AFC5A1F00F6E302 = {
						CreatedOnToolsVersion = 15.0.1;
						TestTargetID = 88725B952AFC5A1C00F6E302;
					};
				};
			};
			buildConfigurationList = 88725B912AFC5A1C00F6E302 /* Build configuration list for PBXProject "imageview" */;
			compatibilityVersion = "Xcode 14.0";
			developmentRegion = en;
			hasScannedForEncodings = 0;
			knownRegions = (
				en,
				Base,
			);
			mainGroup = 88725B8D2AFC5A1C00F6E302;
			productRefGroup = 88725B972AFC5A1C00F6E302 /* Products */;
			projectDirPath = "";
			projectRoot = "";
			targets = (
				88725B952AFC5A1C00F6E302 /* imageview */,
				88725BAB2AFC5A1F00F6E302 /* imageviewTests */,
				88725BB52AFC5A1F00F6E302 /* imageviewUITests */,
			);
		};
/* End PBXProject section */

/* Begin PBXResourcesBuildPhase section */
		88725B942AFC5A1C00F6E302 /* Resources */ = {
			isa = PBXResourcesBuildPhase;
			buildActionMask = 2147483647;
			files = (
				88725BA62AFC5A1E00F6E302 /* LaunchScreen.storyboard in Resources */,
				88725BA32AFC5A1E00F6E302 /* Assets.xcassets in Resources */,
				88725BCC2AFC5B6E00F6E302 /* lamp_on.png in Resources */,
				88725BA12AFC5A1C00F6E302 /* Main.storyboard in Resources */,
				88725BCA2AFC5B6500F6E302 /* lamp_off.png in Resources */,
			);
			runOnlyForDeploymentPostprocessing = 0;
		};
		88725BAA2AFC5A1F00F6E302 /* Resources */ = {
			isa = PBXResourcesBuildPhase;
			buildActionMask = 2147483647;
			files = (
			);
			runOnlyForDeploymentPostprocessing = 0;
		};
		88725BB42AFC5A1F00F6E302 /* Resources */ = {
			isa = PBXResourcesBuildPhase;
			buildActionMask = 2147483647;
			files = (
			);
			runOnlyForDeploymentPostprocessing = 0;
		};
/* End PBXResourcesBuildPhase section */

/* Begin PBXSourcesBuildPhase section */
		88725B922AFC5A1C00F6E302 /* Sources */ = {
			isa = PBXSourcesBuildPhase;
			buildActionMask = 2147483647;
			files = (
				88725B9E2AFC5A1C00F6E302 /* ViewController.swift in Sources */,
				88725B9A2AFC5A1C00F6E302 /* AppDelegate.swift in Sources */,
				88725B9C2AFC5A1C00F6E302 /* SceneDelegate.swift in Sources */,
			);
			runOnlyForDeploymentPostprocessing = 0;
		};
		88725BA82AFC5A1F00F6E302 /* Sources */ = {
			isa = PBXSourcesBuildPhase;
			buildActionMask = 2147483647;
			files = (
				88725BB12AFC5A1F00F6E302 /* imageviewTests.swift in Sources */,
			);
			runOnlyForDeploymentPostprocessing = 0;
		};
		88725BB22AFC5A1F00F6E302 /* Sources */ = {
			isa = PBXSourcesBuildPhase;
			buildActionMask = 2147483647;
			files = (
				88725BBB2AFC5A1F00F6E302 /* imageviewUITests.swift in Sources */,
				88725BBD2AFC5A1F00F6E302 /* imageviewUITestsLaunchTests.swift in Sources */,
			);
			runOnlyForDeploymentPostprocessing = 0;
		};
/* End PBXSourcesBuildPhase section */

/* Begin PBXTargetDependency section */
		88725BAE2AFC5A1F00F6E302 /* PBXTargetDependency */ = {
			isa = PBXTargetDependency;
			target = 88725B952AFC5A1C00F6E302 /* imageview */;
			targetProxy = 88725BAD2AFC5A1F00F6E302 /* PBXContainerItemProxy */;
		};
		88725BB82AFC5A1F00F6E302 /* PBXTargetDependency */ = {
			isa = PBXTargetDependency;
			target = 88725B952AFC5A1C00F6E302 /* imageview */;
			targetProxy = 88725BB72AFC5A1F00F6E302 /* PBXContainerItemProxy */;
		};
/* End PBXTargetDependency section */

/* Begin PBXVariantGroup section */
		88725B9F2AFC5A1C00F6E302 /* Main.storyboard */ = {
			isa = PBXVariantGroup;
			children = (
				88725BA02AFC5A1C00F6E302 /* Base */,
			);
			name = Main.storyboard;
			sourceTree = "<group>";
		};
		88725BA42AFC5A1E00F6E302 /* LaunchScreen.storyboard */ = {
			isa = PBXVariantGroup;
			children = (
				88725BA52AFC5A1E00F6E302 /* Base */,
			);
			name = LaunchScreen.storyboard;
			sourceTree = "<group>";
		};
/* End PBXVariantGroup section */

/* Begin XCBuildConfiguration section */
		88725BBE2AFC5A1F00F6E302 /* Debug */ = {
			isa = XCBuildConfiguration;
			buildSettings = {
				ALWAYS_SEARCH_USER_PATHS = NO;
				ASSETCATALOG_COMPILER_GENERATE_SWIFT_ASSET_SYMBOL_EXTENSIONS = YES;
				CLANG_ANALYZER_NONNULL = YES;
				CLANG_ANALYZER_NUMBER_OBJECT_CONVERSION = YES_AGGRESSIVE;
				CLANG_CXX_LANGUAGE_STANDARD = "gnu++20";
				CLANG_ENABLE_MODULES = YES;
				CLANG_ENABLE_OBJC_ARC = YES;
				CLANG_ENABLE_OBJC_WEAK = YES;
				CLANG_WARN_BLOCK_CAPTURE_AUTORELEASING = YES;
				CLANG_WARN_BOOL_CONVERSION = YES;
				CLANG_WARN_COMMA = YES;
				CLANG_WARN_CONSTANT_CONVERSION = YES;
				CLANG_WARN_DEPRECATED_OBJC_IMPLEMENTATIONS = YES;
				CLANG_WARN_DIRECT_OBJC_ISA_USAGE = YES_ERROR;
				CLANG_WARN_DOCUMENTATION_COMMENTS = YES;
				CLANG_WARN_EMPTY_BODY = YES;
				CLANG_WARN_ENUM_CONVERSION = YES;
				CLANG_WARN_INFINITE_RECURSION = YES;
				CLANG_WARN_INT_CONVERSION = YES;
				CLANG_WARN_NON_LITERAL_NULL_CONVERSION = YES;
				CLANG_WARN_OBJC_IMPLICIT_RETAIN_SELF = YES;
				CLANG_WARN_OBJC_LITERAL_CONVERSION = YES;
				CLANG_WARN_OBJC_ROOT_CLASS = YES_ERROR;
				CLANG_WARN_QUOTED_INCLUDE_IN_FRAMEWORK_HEADER = YES;
				CLANG_WARN_RANGE_LOOP_ANALYSIS = YES;
				CLANG_WARN_STRICT_PROTOTYPES = YES;
				CLANG_WARN_SUSPICIOUS_MOVE = YES;
				CLANG_WARN_UNGUARDED_AVAILABILITY = YES_AGGRESSIVE;
				CLANG_WARN_UNREACHABLE_CODE = YES;
				CLANG_WARN__DUPLICATE_METHOD_MATCH = YES;
				COPY_PHASE_STRIP = NO;
				DEBUG_INFORMATION_FORMAT = dwarf;
				ENABLE_STRICT_OBJC_MSGSEND = YES;
				ENABLE_TESTABILITY = YES;
				ENABLE_USER_SCRIPT_SANDBOXING = YES;
				GCC_C_LANGUAGE_STANDARD = gnu17;
				GCC_DYNAMIC_NO_PIC = NO;
				GCC_NO_COMMON_BLOCKS = YES;
				GCC_OPTIMIZATION_LEVEL = 0;
				GCC_PREPROCESSOR_DEFINITIONS = (
					"DEBUG=1",
					"$(inherited)",
				);
				GCC_WARN_64_TO_32_BIT_CONVERSION = YES;
				GCC_WARN_ABOUT_RETURN_TYPE = YES_ERROR;
				GCC_WARN_UNDECLARED_SELECTOR = YES;
				GCC_WARN_UNINITIALIZED_AUTOS = YES_AGGRESSIVE;
				GCC_WARN_UNUSED_FUNCTION = YES;
				GCC_WARN_UNUSED_VARIABLE = YES;
				IPHONEOS_DEPLOYMENT_TARGET = 17.0;
				LOCALIZATION_PREFERS_STRING_CATALOGS = YES;
				MTL_ENABLE_DEBUG_INFO = INCLUDE_SOURCE;
				MTL_FAST_MATH = YES;
				ONLY_ACTIVE_ARCH = YES;
				SDKROOT = iphoneos;
				SWIFT_ACTIVE_COMPILATION_CONDITIONS = "DEBUG $(inherited)";
				SWIFT_OPTIMIZATION_LEVEL = "-Onone";
			};
			name = Debug;
		};
		88725BBF2AFC5A1F00F6E302 /* Release */ = {
			isa = XCBuildConfiguration;
			buildSettings = {
				ALWAYS_SEARCH_USER_PATHS = NO;
				ASSETCATALOG_COMPILER_GENERATE_SWIFT_ASSET_SYMBOL_EXTENSIONS = YES;
				CLANG_ANALYZER_NONNULL = YES;
				CLANG_ANALYZER_NUMBER_OBJECT_CONVERSION = YES_AGGRESSIVE;
				CLANG_CXX_LANGUAGE_STANDARD = "gnu++20";
				CLANG_ENABLE_MODULES = YES;
				CLANG_ENABLE_OBJC_ARC = YES;
				CLANG_ENABLE_OBJC_WEAK = YES;
				CLANG_WARN_BLOCK_CAPTURE_AUTORELEASING = YES;
				CLANG_WARN_BOOL_CONVERSION = YES;
				CLANG_WARN_COMMA = YES;
				CLANG_WARN_CONSTANT_CONVERSION = YES;
				CLANG_WARN_DEPRECATED_OBJC_IMPLEMENTATIONS = YES;
				CLANG_WARN_DIRECT_OBJC_ISA_USAGE = YES_ERROR;
				CLANG_WARN_DOCUMENTATION_COMMENTS = YES;
				CLANG_WARN_EMPTY_BODY = YES;
				CLANG_WARN_ENUM_CONVERSION = YES;
				CLANG_WARN_INFINITE_RECURSION = YES;
				CLANG_WARN_INT_CONVERSION = YES;
				CLANG_WARN_NON_LITERAL_NULL_CONVERSION = YES;
				CLANG_WARN_OBJC_IMPLICIT_RETAIN_SELF = YES;
				CLANG_WARN_OBJC_LITERAL_CONVERSION = YES;
				CLANG_WARN_OBJC_ROOT_CLASS = YES_ERROR;
				CLANG_WARN_QUOTED_INCLUDE_IN_FRAMEWORK_HEADER = YES;
				CLANG_WARN_RANGE_LOOP_ANALYSIS = YES;
				CLANG_WARN_STRICT_PROTOTYPES = YES;
				CLANG_WARN_SUSPICIOUS_MOVE = YES;
				CLANG_WARN_UNGUARDED_AVAILABILITY = YES_AGGRESSIVE;
				CLANG_WARN_UNREACHABLE_CODE = YES;
				CLANG_WARN__DUPLICATE_METHOD_MATCH = YES;
				COPY_PHASE_STRIP = NO;
				DEBUG_INFORMATION_FORMAT = "dwarf-with-dsym";
				ENABLE_NS_ASSERTIONS = NO;
				ENABLE_STRICT_OBJC_MSGSEND = YES;
				ENABLE_USER_SCRIPT_SANDBOXING = YES;
				GCC_C_LANGUAGE_STANDARD = gnu17;
				GCC_NO_COMMON_BLOCKS = YES;
				GCC_WARN_64_TO_32_BIT_CONVERSION = YES;
				GCC_WARN_ABOUT_RETURN_TYPE = YES_ERROR;
				GCC_WARN_UNDECLARED_SELECTOR = YES;
				GCC_WARN_UNINITIALIZED_AUTOS = YES_AGGRESSIVE;
				GCC_WARN_UNUSED_FUNCTION = YES;
				GCC_WARN_UNUSED_VARIABLE = YES;
				IPHONEOS_DEPLOYMENT_TARGET = 17.0;
				LOCALIZATION_PREFERS_STRING_CATALOGS = YES;
				MTL_ENABLE_DEBUG_INFO = NO;
				MTL_FAST_MATH = YES;
				SDKROOT = iphoneos;
				SWIFT_COMPILATION_MODE = wholemodule;
				VALIDATE_PRODUCT = YES;
			};
			name = Release;
		};
		88725BC12AFC5A1F00F6E302 /* Debug */ = {
			isa = XCBuildConfiguration;
			buildSettings = {
				ASSETCATALOG_COMPILER_APPICON_NAME = AppIcon;
				ASSETCATALOG_COMPILER_GLOBAL_ACCENT_COLOR_NAME = AccentColor;
				CODE_SIGN_STYLE = Automatic;
				CURRENT_PROJECT_VERSION = 1;
				DEVELOPMENT_TEAM = ALUU68J89L;
				GENERATE_INFOPLIST_FILE = YES;
				INFOPLIST_FILE = imageview/Info.plist;
				INFOPLIST_KEY_UIApplicationSupportsIndirectInputEvents = YES;
				INFOPLIST_KEY_UILaunchStoryboardName = LaunchScreen;
				INFOPLIST_KEY_UIMainStoryboardFile = Main;
				INFOPLIST_KEY_UISupportedInterfaceOrientations_iPad = "UIInterfaceOrientationPortrait UIInterfaceOrientationPortraitUpsideDown UIInterfaceOrientationLandscapeLeft UIInterfaceOrientationLandscapeRight";
				INFOPLIST_KEY_UISupportedInterfaceOrientations_iPhone = "UIInterfaceOrientationPortrait UIInterfaceOrientationLandscapeLeft UIInterfaceOrientationLandscapeRight";
				LD_RUNPATH_SEARCH_PATHS = (
					"$(inherited)",
					"@executable_path/Frameworks",
				);
				MARKETING_VERSION = 1.0;
				PRODUCT_BUNDLE_IDENTIFIER = kr.imageview;
				PRODUCT_NAME = "$(TARGET_NAME)";
				SWIFT_EMIT_LOC_STRINGS = YES;
				SWIFT_VERSION = 5.0;
				TARGETED_DEVICE_FAMILY = "1,2";
			};
			name = Debug;
		};
		88725BC22AFC5A1F00F6E302 /* Release */ = {
			isa = XCBuildConfiguration;
			buildSettings = {
				ASSETCATALOG_COMPILER_APPICON_NAME = AppIcon;
				ASSETCATALOG_COMPILER_GLOBAL_ACCENT_COLOR_NAME = AccentColor;
				CODE_SIGN_STYLE = Automatic;
				CURRENT_PROJECT_VERSION = 1;
				DEVELOPMENT_TEAM = ALUU68J89L;
				GENERATE_INFOPLIST_FILE = YES;
				INFOPLIST_FILE = imageview/Info.plist;
				INFOPLIST_KEY_UIApplicationSupportsIndirectInputEvents = YES;
				INFOPLIST_KEY_UILaunchStoryboardName = LaunchScreen;
				INFOPLIST_KEY_UIMainStoryboardFile = Main;
				INFOPLIST_KEY_UISupportedInterfaceOrientations_iPad = "UIInterfaceOrientationPortrait UIInterfaceOrientationPortraitUpsideDown UIInterfaceOrientationLandscapeLeft UIInterfaceOrientationLandscapeRight";
				INFOPLIST_KEY_UISupportedInterfaceOrientations_iPhone = "UIInterfaceOrientationPortrait UIInterfaceOrientationLandscapeLeft UIInterfaceOrientationLandscapeRight";
				LD_RUNPATH_SEARCH_PATHS = (
					"$(inherited)",
					"@executable_path/Frameworks",
				);
				MARKETING_VERSION = 1.0;
				PRODUCT_BUNDLE_IDENTIFIER = kr.imageview;
				PRODUCT_NAME = "$(TARGET_NAME)";
				SWIFT_EMIT_LOC_STRINGS = YES;
				SWIFT_VERSION = 5.0;
				TARGETED_DEVICE_FAMILY = "1,2";
			};
			name = Release;
		};
		88725BC42AFC5A1F00F6E302 /* Debug */ = {
			isa = XCBuildConfiguration;
			buildSettings = {
				ALWAYS_EMBED_SWIFT_STANDARD_LIBRARIES = YES;
				BUNDLE_LOADER = "$(TEST_HOST)";
				CODE_SIGN_STYLE = Automatic;
				CURRENT_PROJECT_VERSION = 1;
				GENERATE_INFOPLIST_FILE = YES;
				IPHONEOS_DEPLOYMENT_TARGET = 17.0;
				MARKETING_VERSION = 1.0;
				PRODUCT_BUNDLE_IDENTIFIER = kr.imageviewTests;
				PRODUCT_NAME = "$(TARGET_NAME)";
				SWIFT_EMIT_LOC_STRINGS = NO;
				SWIFT_VERSION = 5.0;
				TARGETED_DEVICE_FAMILY = "1,2";
				TEST_HOST = "$(BUILT_PRODUCTS_DIR)/imageview.app/$(BUNDLE_EXECUTABLE_FOLDER_PATH)/imageview";
			};
			name = Debug;
		};
		88725BC52AFC5A1F00F6E302 /* Release */ = {
			isa = XCBuildConfiguration;
			buildSettings = {
				ALWAYS_EMBED_SWIFT_STANDARD_LIBRARIES = YES;
				BUNDLE_LOADER = "$(TEST_HOST)";
				CODE_SIGN_STYLE = Automatic;
				CURRENT_PROJECT_VERSION = 1;
				GENERATE_INFOPLIST_FILE = YES;
				IPHONEOS_DEPLOYMENT_TARGET = 17.0;
				MARKETING_VERSION = 1.0;
				PRODUCT_BUNDLE_IDENTIFIER = kr.imageviewTests;
				PRODUCT_NAME = "$(TARGET_NAME)";
				SWIFT_EMIT_LOC_STRINGS = NO;
				SWIFT_VERSION = 5.0;
				TARGETED_DEVICE_FAMILY = "1,2";
				TEST_HOST = "$(BUILT_PRODUCTS_DIR)/imageview.app/$(BUNDLE_EXECUTABLE_FOLDER_PATH)/imageview";
			};
			name = Release;
		};
		88725BC72AFC5A1F00F6E302 /* Debug */ = {
			isa = XCBuildConfiguration;
			buildSettings = {
				ALWAYS_EMBED_SWIFT_STANDARD_LIBRARIES = YES;
				CODE_SIGN_STYLE = Automatic;
				CURRENT_PROJECT_VERSION = 1;
				GENERATE_INFOPLIST_FILE = YES;
				MARKETING_VERSION = 1.0;
				PRODUCT_BUNDLE_IDENTIFIER = kr.imageviewUITests;
				PRODUCT_NAME = "$(TARGET_NAME)";
				SWIFT_EMIT_LOC_STRINGS = NO;
				SWIFT_VERSION = 5.0;
				TARGETED_DEVICE_FAMILY = "1,2";
				TEST_TARGET_NAME = imageview;
			};
			name = Debug;
		};
		88725BC82AFC5A1F00F6E302 /* Release */ = {
			isa = XCBuildConfiguration;
			buildSettings = {
				ALWAYS_EMBED_SWIFT_STANDARD_LIBRARIES = YES;
				CODE_SIGN_STYLE = Automatic;
				CURRENT_PROJECT_VERSION = 1;
				GENERATE_INFOPLIST_FILE = YES;
				MARKETING_VERSION = 1.0;
				PRODUCT_BUNDLE_IDENTIFIER = kr.imageviewUITests;
				PRODUCT_NAME = "$(TARGET_NAME)";
				SWIFT_EMIT_LOC_STRINGS = NO;
				SWIFT_VERSION = 5.0;
				TARGETED_DEVICE_FAMILY = "1,2";
				TEST_TARGET_NAME = imageview;
			};
			name = Release;
		};
/* End XCBuildConfiguration section */

/* Begin XCConfigurationList section */
		88725B912AFC5A1C00F6E302 /* Build configuration list for PBXProject "imageview" */ = {
			isa = XCConfigurationList;
			buildConfigurations = (
				88725BBE2AFC5A1F00F6E302 /* Debug */,
				88725BBF2AFC5A1F00F6E302 /* Release */,
			);
			defaultConfigurationIsVisible = 0;
			defaultConfigurationName = Release;
		};
		88725BC02AFC5A1F00F6E302 /* Build configuration list for PBXNativeTarget "imageview" */ = {
			isa = XCConfigurationList;
			buildConfigurations = (
				88725BC12AFC5A1F00F6E302 /* Debug */,
				88725BC22AFC5A1F00F6E302 /* Release */,
			);
			defaultConfigurationIsVisible = 0;
			defaultConfigurationName = Release;
		};
		88725BC32AFC5A1F00F6E302 /* Build configuration list for PBXNativeTarget "imageviewTests" */ = {
			isa = XCConfigurationList;
			buildConfigurations = (
				88725BC42AFC5A1F00F6E302 /* Debug */,
				88725BC52AFC5A1F00F6E302 /* Release */,
			);
			defaultConfigurationIsVisible = 0;
			defaultConfigurationName = Release;
		};
		88725BC62AFC5A1F00F6E302 /* Build configuration list for PBXNativeTarget "imageviewUITests" */ = {
			isa = XCConfigurationList;
			buildConfigurations = (
				88725BC72AFC5A1F00F6E302 /* Debug */,
				88725BC82AFC5A1F00F6E302 /* Release */,
			);
			defaultConfigurationIsVisible = 0;
			defaultConfigurationName = Release;
		};
/* End XCConfigurationList section */
	};
	rootObject = 88725B8E2AFC5A1C00F6E302 /* Project object */;
}
