// !$*UTF8*$!
{
	archiveVersion = 1;
	classes = {
	};
	objectVersion = 56;
	objects = {

/* Begin PBXBuildFile section */
		88A574952B0EEB1200F38425 /* AppDelegate.swift in Sources */ = {isa = PBXBuildFile; fileRef = 88A574942B0EEB1200F38425 /* AppDelegate.swift */; };
		88A574972B0EEB1200F38425 /* SceneDelegate.swift in Sources */ = {isa = PBXBuildFile; fileRef = 88A574962B0EEB1200F38425 /* SceneDelegate.swift */; };
		88A574992B0EEB1200F38425 /* ViewController.swift in Sources */ = {isa = PBXBuildFile; fileRef = 88A574982B0EEB1200F38425 /* ViewController.swift */; };
		88A5749C2B0EEB1200F38425 /* Main.storyboard in Resources */ = {isa = PBXBuildFile; fileRef = 88A5749A2B0EEB1200F38425 /* Main.storyboard */; };
		88A5749E2B0EEB1400F38425 /* Assets.xcassets in Resources */ = {isa = PBXBuildFile; fileRef = 88A5749D2B0EEB1400F38425 /* Assets.xcassets */; };
		88A574A12B0EEB1400F38425 /* LaunchScreen.storyboard in Resources */ = {isa = PBXBuildFile; fileRef = 88A5749F2B0EEB1400F38425 /* LaunchScreen.storyboard */; };
		88A574AC2B0EEB1400F38425 /* AlertTests.swift in Sources */ = {isa = PBXBuildFile; fileRef = 88A574AB2B0EEB1400F38425 /* AlertTests.swift */; };
		88A574B62B0EEB1400F38425 /* AlertUITests.swift in Sources */ = {isa = PBXBuildFile; fileRef = 88A574B52B0EEB1400F38425 /* AlertUITests.swift */; };
		88A574B82B0EEB1400F38425 /* AlertUITestsLaunchTests.swift in Sources */ = {isa = PBXBuildFile; fileRef = 88A574B72B0EEB1400F38425 /* AlertUITestsLaunchTests.swift */; };
		88A574C72B0EECD600F38425 /* lamp_off.png in Resources */ = {isa = PBXBuildFile; fileRef = 88A574C52B0EECD500F38425 /* lamp_off.png */; };
		88A574C82B0EECD600F38425 /* lamp_on.png in Resources */ = {isa = PBXBuildFile; fileRef = 88A574C62B0EECD600F38425 /* lamp_on.png */; };
/* End PBXBuildFile section */

/* Begin PBXContainerItemProxy section */
		88A574A82B0EEB1400F38425 /* PBXContainerItemProxy */ = {
			isa = PBXContainerItemProxy;
			containerPortal = 88A574892B0EEB1200F38425 /* Project object */;
			proxyType = 1;
			remoteGlobalIDString = 88A574902B0EEB1200F38425;
			remoteInfo = Alert;
		};
		88A574B22B0EEB1400F38425 /* PBXContainerItemProxy */ = {
			isa = PBXContainerItemProxy;
			containerPortal = 88A574892B0EEB1200F38425 /* Project object */;
			proxyType = 1;
			remoteGlobalIDString = 88A574902B0EEB1200F38425;
			remoteInfo = Alert;
		};
/* End PBXContainerItemProxy section */

/* Begin PBXFileReference section */
		88A574912B0EEB1200F38425 /* Alert.app */ = {isa = PBXFileReference; explicitFileType = wrapper.application; includeInIndex = 0; path = Alert.app; sourceTree = BUILT_PRODUCTS_DIR; };
		88A574942B0EEB1200F38425 /* AppDelegate.swift */ = {isa = PBXFileReference; lastKnownFileType = sourcecode.swift; path = AppDelegate.swift; sourceTree = "<group>"; };
		88A574962B0EEB1200F38425 /* SceneDelegate.swift */ = {isa = PBXFileReference; lastKnownFileType = sourcecode.swift; path = SceneDelegate.swift; sourceTree = "<group>"; };
		88A574982B0EEB1200F38425 /* ViewController.swift */ = {isa = PBXFileReference; lastKnownFileType = sourcecode.swift; path = ViewController.swift; sourceTree = "<group>"; };
		88A5749B2B0EEB1200F38425 /* Base */ = {isa = PBXFileReference; lastKnownFileType = file.storyboard; name = Base; path = Base.lproj/Main.storyboard; sourceTree = "<group>"; };
		88A5749D2B0EEB1400F38425 /* Assets.xcassets */ = {isa = PBXFileReference; lastKnownFileType = folder.assetcatalog; path = Assets.xcassets; sourceTree = "<group>"; };
		88A574A02B0EEB1400F38425 /* Base */ = {isa = PBXFileReference; lastKnownFileType = file.storyboard; name = Base; path = Base.lproj/LaunchScreen.storyboard; sourceTree = "<group>"; };
		88A574A22B0EEB1400F38425 /* Info.plist */ = {isa = PBXFileReference; lastKnownFileType = text.plist.xml; path = Info.plist; sourceTree = "<group>"; };
		88A574A72B0EEB1400F38425 /* AlertTests.xctest */ = {isa = PBXFileReference; explicitFileType = wrapper.cfbundle; includeInIndex = 0; path = AlertTests.xctest; sourceTree = BUILT_PRODUCTS_DIR; };
		88A574AB2B0EEB1400F38425 /* AlertTests.swift */ = {isa = PBXFileReference; lastKnownFileType = sourcecode.swift; path = AlertTests.swift; sourceTree = "<group>"; };
		88A574B12B0EEB1400F38425 /* AlertUITests.xctest */ = {isa = PBXFileReference; explicitFileType = wrapper.cfbundle; includeInIndex = 0; path = AlertUITests.xctest; sourceTree = BUILT_PRODUCTS_DIR; };
		88A574B52B0EEB1400F38425 /* AlertUITests.swift */ = {isa = PBXFileReference; lastKnownFileType = sourcecode.swift; path = AlertUITests.swift; sourceTree = "<group>"; };
		88A574B72B0EEB1400F38425 /* AlertUITestsLaunchTests.swift */ = {isa = PBXFileReference; lastKnownFileType = sourcecode.swift; path = AlertUITestsLaunchTests.swift; sourceTree = "<group>"; };
		88A574C52B0EECD500F38425 /* lamp_off.png */ = {isa = PBXFileReference; lastKnownFileType = image.png; path = lamp_off.png; sourceTree = "<group>"; };
		88A574C62B0EECD600F38425 /* lamp_on.png */ = {isa = PBXFileReference; lastKnownFileType = image.png; path = lamp_on.png; sourceTree = "<group>"; };
/* End PBXFileReference section */

/* Begin PBXFrameworksBuildPhase section */
		88A5748E2B0EEB1200F38425 /* Frameworks */ = {
			isa = PBXFrameworksBuildPhase;
			buildActionMask = 2147483647;
			files = (
			);
			runOnlyForDeploymentPostprocessing = 0;
		};
		88A574A42B0EEB1400F38425 /* Frameworks */ = {
			isa = PBXFrameworksBuildPhase;
			buildActionMask = 2147483647;
			files = (
			);
			runOnlyForDeploymentPostprocessing = 0;
		};
		88A574AE2B0EEB1400F38425 /* Frameworks */ = {
			isa = PBXFrameworksBuildPhase;
			buildActionMask = 2147483647;
			files = (
			);
			runOnlyForDeploymentPostprocessing = 0;
		};
/* End PBXFrameworksBuildPhase section */

/* Begin PBXGroup section */
		88A574882B0EEB1200F38425 = {
			isa = PBXGroup;
			children = (
				88A574932B0EEB1200F38425 /* Alert */,
				88A574AA2B0EEB1400F38425 /* AlertTests */,
				88A574B42B0EEB1400F38425 /* AlertUITests */,
				88A574922B0EEB1200F38425 /* Products */,
			);
			sourceTree = "<group>";
		};
		88A574922B0EEB1200F38425 /* Products */ = {
			isa = PBXGroup;
			children = (
				88A574912B0EEB1200F38425 /* Alert.app */,
				88A574A72B0EEB1400F38425 /* AlertTests.xctest */,
				88A574B12B0EEB1400F38425 /* AlertUITests.xctest */,
			);
			name = Products;
			sourceTree = "<group>";
		};
		88A574932B0EEB1200F38425 /* Alert */ = {
			isa = PBXGroup;
			children = (
				88A574C42B0EECAE00F38425 /* Image */,
				88A574942B0EEB1200F38425 /* AppDelegate.swift */,
				88A574962B0EEB1200F38425 /* SceneDelegate.swift */,
				88A574982B0EEB1200F38425 /* ViewController.swift */,
				88A5749A2B0EEB1200F38425 /* Main.storyboard */,
				88A5749D2B0EEB1400F38425 /* Assets.xcassets */,
				88A5749F2B0EEB1400F38425 /* LaunchScreen.storyboard */,
				88A574A22B0EEB1400F38425 /* Info.plist */,
			);
			path = Alert;
			sourceTree = "<group>";
		};
		88A574AA2B0EEB1400F38425 /* AlertTests */ = {
			isa = PBXGroup;
			children = (
				88A574AB2B0EEB1400F38425 /* AlertTests.swift */,
			);
			path = AlertTests;
			sourceTree = "<group>";
		};
		88A574B42B0EEB1400F38425 /* AlertUITests */ = {
			isa = PBXGroup;
			children = (
				88A574B52B0EEB1400F38425 /* AlertUITests.swift */,
				88A574B72B0EEB1400F38425 /* AlertUITestsLaunchTests.swift */,
			);
			path = AlertUITests;
			sourceTree = "<group>";
		};
		88A574C42B0EECAE00F38425 /* Image */ = {
			isa = PBXGroup;
			children = (
				88A574C52B0EECD500F38425 /* lamp_off.png */,
				88A574C62B0EECD600F38425 /* lamp_on.png */,
			);
			path = Image;
			sourceTree = "<group>";
		};
/* End PBXGroup section */

/* Begin PBXNativeTarget section */
		88A574902B0EEB1200F38425 /* Alert */ = {
			isa = PBXNativeTarget;
			buildConfigurationList = 88A574BB2B0EEB1400F38425 /* Build configuration list for PBXNativeTarget "Alert" */;
			buildPhases = (
				88A5748D2B0EEB1200F38425 /* Sources */,
				88A5748E2B0EEB1200F38425 /* Frameworks */,
				88A5748F2B0EEB1200F38425 /* Resources */,
			);
			buildRules = (
			);
			dependencies = (
			);
			name = Alert;
			productName = Alert;
			productReference = 88A574912B0EEB1200F38425 /* Alert.app */;
			productType = "com.apple.product-type.application";
		};
		88A574A62B0EEB1400F38425 /* AlertTests */ = {
			isa = PBXNativeTarget;
			buildConfigurationList = 88A574BE2B0EEB1400F38425 /* Build configuration list for PBXNativeTarget "AlertTests" */;
			buildPhases = (
				88A574A32B0EEB1400F38425 /* Sources */,
				88A574A42B0EEB1400F38425 /* Frameworks */,
				88A574A52B0EEB1400F38425 /* Resources */,
			);
			buildRules = (
			);
			dependencies = (
				88A574A92B0EEB1400F38425 /* PBXTargetDependency */,
			);
			name = AlertTests;
			productName = AlertTests;
			productReference = 88A574A72B0EEB1400F38425 /* AlertTests.xctest */;
			productType = "com.apple.product-type.bundle.unit-test";
		};
		88A574B02B0EEB1400F38425 /* AlertUITests */ = {
			isa = PBXNativeTarget;
			buildConfigurationList = 88A574C12B0EEB1400F38425 /* Build configuration list for PBXNativeTarget "AlertUITests" */;
			buildPhases = (
				88A574AD2B0EEB1400F38425 /* Sources */,
				88A574AE2B0EEB1400F38425 /* Frameworks */,
				88A574AF2B0EEB1400F38425 /* Resources */,
			);
			buildRules = (
			);
			dependencies = (
				88A574B32B0EEB1400F38425 /* PBXTargetDependency */,
			);
			name = AlertUITests;
			productName = AlertUITests;
			productReference = 88A574B12B0EEB1400F38425 /* AlertUITests.xctest */;
			productType = "com.apple.product-type.bundle.ui-testing";
		};
/* End PBXNativeTarget section */

/* Begin PBXProject section */
		88A574892B0EEB1200F38425 /* Project object */ = {
			isa = PBXProject;
			attributes = {
				BuildIndependentTargetsInParallel = 1;
				LastSwiftUpdateCheck = 1500;
				LastUpgradeCheck = 1500;
				TargetAttributes = {
					88A574902B0EEB1200F38425 = {
						CreatedOnToolsVersion = 15.0.1;
					};
					88A574A62B0EEB1400F38425 = {
						CreatedOnToolsVersion = 15.0.1;
						TestTargetID = 88A574902B0EEB1200F38425;
					};
					88A574B02B0EEB1400F38425 = {
						CreatedOnToolsVersion = 15.0.1;
						TestTargetID = 88A574902B0EEB1200F38425;
					};
				};
			};
			buildConfigurationList = 88A5748C2B0EEB1200F38425 /* Build configuration list for PBXProject "Alert" */;
			compatibilityVersion = "Xcode 14.0";
			developmentRegion = en;
			hasScannedForEncodings = 0;
			knownRegions = (
				en,
				Base,
			);
			mainGroup = 88A574882B0EEB1200F38425;
			productRefGroup = 88A574922B0EEB1200F38425 /* Products */;
			projectDirPath = "";
			projectRoot = "";
			targets = (
				88A574902B0EEB1200F38425 /* Alert */,
				88A574A62B0EEB1400F38425 /* AlertTests */,
				88A574B02B0EEB1400F38425 /* AlertUITests */,
			);
		};
/* End PBXProject section */

/* Begin PBXResourcesBuildPhase section */
		88A5748F2B0EEB1200F38425 /* Resources */ = {
			isa = PBXResourcesBuildPhase;
			buildActionMask = 2147483647;
			files = (
				88A574A12B0EEB1400F38425 /* LaunchScreen.storyboard in Resources */,
				88A5749E2B0EEB1400F38425 /* Assets.xcassets in Resources */,
				88A574C82B0EECD600F38425 /* lamp_on.png in Resources */,
				88A5749C2B0EEB1200F38425 /* Main.storyboard in Resources */,
				88A574C72B0EECD600F38425 /* lamp_off.png in Resources */,
			);
			runOnlyForDeploymentPostprocessing = 0;
		};
		88A574A52B0EEB1400F38425 /* Resources */ = {
			isa = PBXResourcesBuildPhase;
			buildActionMask = 2147483647;
			files = (
			);
			runOnlyForDeploymentPostprocessing = 0;
		};
		88A574AF2B0EEB1400F38425 /* Resources */ = {
			isa = PBXResourcesBuildPhase;
			buildActionMask = 2147483647;
			files = (
			);
			runOnlyForDeploymentPostprocessing = 0;
		};
/* End PBXResourcesBuildPhase section */

/* Begin PBXSourcesBuildPhase section */
		88A5748D2B0EEB1200F38425 /* Sources */ = {
			isa = PBXSourcesBuildPhase;
			buildActionMask = 2147483647;
			files = (
				88A574992B0EEB1200F38425 /* ViewController.swift in Sources */,
				88A574952B0EEB1200F38425 /* AppDelegate.swift in Sources */,
				88A574972B0EEB1200F38425 /* SceneDelegate.swift in Sources */,
			);
			runOnlyForDeploymentPostprocessing = 0;
		};
		88A574A32B0EEB1400F38425 /* Sources */ = {
			isa = PBXSourcesBuildPhase;
			buildActionMask = 2147483647;
			files = (
				88A574AC2B0EEB1400F38425 /* AlertTests.swift in Sources */,
			);
			runOnlyForDeploymentPostprocessing = 0;
		};
		88A574AD2B0EEB1400F38425 /* Sources */ = {
			isa = PBXSourcesBuildPhase;
			buildActionMask = 2147483647;
			files = (
				88A574B62B0EEB1400F38425 /* AlertUITests.swift in Sources */,
				88A574B82B0EEB1400F38425 /* AlertUITestsLaunchTests.swift in Sources */,
			);
			runOnlyForDeploymentPostprocessing = 0;
		};
/* End PBXSourcesBuildPhase section */

/* Begin PBXTargetDependency section */
		88A574A92B0EEB1400F38425 /* PBXTargetDependency */ = {
			isa = PBXTargetDependency;
			target = 88A574902B0EEB1200F38425 /* Alert */;
			targetProxy = 88A574A82B0EEB1400F38425 /* PBXContainerItemProxy */;
		};
		88A574B32B0EEB1400F38425 /* PBXTargetDependency */ = {
			isa = PBXTargetDependency;
			target = 88A574902B0EEB1200F38425 /* Alert */;
			targetProxy = 88A574B22B0EEB1400F38425 /* PBXContainerItemProxy */;
		};
/* End PBXTargetDependency section */

/* Begin PBXVariantGroup section */
		88A5749A2B0EEB1200F38425 /* Main.storyboard */ = {
			isa = PBXVariantGroup;
			children = (
				88A5749B2B0EEB1200F38425 /* Base */,
			);
			name = Main.storyboard;
			sourceTree = "<group>";
		};
		88A5749F2B0EEB1400F38425 /* LaunchScreen.storyboard */ = {
			isa = PBXVariantGroup;
			children = (
				88A574A02B0EEB1400F38425 /* Base */,
			);
			name = LaunchScreen.storyboard;
			sourceTree = "<group>";
		};
/* End PBXVariantGroup section */

/* Begin XCBuildConfiguration section */
		88A574B92B0EEB1400F38425 /* Debug */ = {
			isa = XCBuildConfiguration;
			buildSettings = {
				ALWAYS_SEARCH_USER_PATHS = NO;
				ASSETCATALOG_COMPILER_GENERATE_SWIFT_ASSET_SYMBOL_EXTENSIONS = YES;
				CLANG_ANALYZER_NONNULL = YES;
				CLANG_ANALYZER_NUMBER_OBJECT_CONVERSION = YES_AGGRESSIVE;
				CLANG_CXX_LANGUAGE_STANDARD = "gnu++20";
				CLANG_ENABLE_MODULES = YES;
				CLANG_ENABLE_OBJC_ARC = YES;
				CLANG_ENABLE_OBJC_WEAK = YES;
				CLANG_WARN_BLOCK_CAPTURE_AUTORELEASING = YES;
				CLANG_WARN_BOOL_CONVERSION = YES;
				CLANG_WARN_COMMA = YES;
				CLANG_WARN_CONSTANT_CONVERSION = YES;
				CLANG_WARN_DEPRECATED_OBJC_IMPLEMENTATIONS = YES;
				CLANG_WARN_DIRECT_OBJC_ISA_USAGE = YES_ERROR;
				CLANG_WARN_DOCUMENTATION_COMMENTS = YES;
				CLANG_WARN_EMPTY_BODY = YES;
				CLANG_WARN_ENUM_CONVERSION = YES;
				CLANG_WARN_INFINITE_RECURSION = YES;
				CLANG_WARN_INT_CONVERSION = YES;
				CLANG_WARN_NON_LITERAL_NULL_CONVERSION = YES;
				CLANG_WARN_OBJC_IMPLICIT_RETAIN_SELF = YES;
				CLANG_WARN_OBJC_LITERAL_CONVERSION = YES;
				CLANG_WARN_OBJC_ROOT_CLASS = YES_ERROR;
				CLANG_WARN_QUOTED_INCLUDE_IN_FRAMEWORK_HEADER = YES;
				CLANG_WARN_RANGE_LOOP_ANALYSIS = YES;
				CLANG_WARN_STRICT_PROTOTYPES = YES;
				CLANG_WARN_SUSPICIOUS_MOVE = YES;
				CLANG_WARN_UNGUARDED_AVAILABILITY = YES_AGGRESSIVE;
				CLANG_WARN_UNREACHABLE_CODE = YES;
				CLANG_WARN__DUPLICATE_METHOD_MATCH = YES;
				COPY_PHASE_STRIP = NO;
				DEBUG_INFORMATION_FORMAT = dwarf;
				ENABLE_STRICT_OBJC_MSGSEND = YES;
				ENABLE_TESTABILITY = YES;
				ENABLE_USER_SCRIPT_SANDBOXING = YES;
				GCC_C_LANGUAGE_STANDARD = gnu17;
				GCC_DYNAMIC_NO_PIC = NO;
				GCC_NO_COMMON_BLOCKS = YES;
				GCC_OPTIMIZATION_LEVEL = 0;
				GCC_PREPROCESSOR_DEFINITIONS = (
					"DEBUG=1",
					"$(inherited)",
				);
				GCC_WARN_64_TO_32_BIT_CONVERSION = YES;
				GCC_WARN_ABOUT_RETURN_TYPE = YES_ERROR;
				GCC_WARN_UNDECLARED_SELECTOR = YES;
				GCC_WARN_UNINITIALIZED_AUTOS = YES_AGGRESSIVE;
				GCC_WARN_UNUSED_FUNCTION = YES;
				GCC_WARN_UNUSED_VARIABLE = YES;
				IPHONEOS_DEPLOYMENT_TARGET = 17.0;
				LOCALIZATION_PREFERS_STRING_CATALOGS = YES;
				MTL_ENABLE_DEBUG_INFO = INCLUDE_SOURCE;
				MTL_FAST_MATH = YES;
				ONLY_ACTIVE_ARCH = YES;
				SDKROOT = iphoneos;
				SWIFT_ACTIVE_COMPILATION_CONDITIONS = "DEBUG $(inherited)";
				SWIFT_OPTIMIZATION_LEVEL = "-Onone";
			};
			name = Debug;
		};
		88A574BA2B0EEB1400F38425 /* Release */ = {
			isa = XCBuildConfiguration;
			buildSettings = {
				ALWAYS_SEARCH_USER_PATHS = NO;
				ASSETCATALOG_COMPILER_GENERATE_SWIFT_ASSET_SYMBOL_EXTENSIONS = YES;
				CLANG_ANALYZER_NONNULL = YES;
				CLANG_ANALYZER_NUMBER_OBJECT_CONVERSION = YES_AGGRESSIVE;
				CLANG_CXX_LANGUAGE_STANDARD = "gnu++20";
				CLANG_ENABLE_MODULES = YES;
				CLANG_ENABLE_OBJC_ARC = YES;
				CLANG_ENABLE_OBJC_WEAK = YES;
				CLANG_WARN_BLOCK_CAPTURE_AUTORELEASING = YES;
				CLANG_WARN_BOOL_CONVERSION = YES;
				CLANG_WARN_COMMA = YES;
				CLANG_WARN_CONSTANT_CONVERSION = YES;
				CLANG_WARN_DEPRECATED_OBJC_IMPLEMENTATIONS = YES;
				CLANG_WARN_DIRECT_OBJC_ISA_USAGE = YES_ERROR;
				CLANG_WARN_DOCUMENTATION_COMMENTS = YES;
				CLANG_WARN_EMPTY_BODY = YES;
				CLANG_WARN_ENUM_CONVERSION = YES;
				CLANG_WARN_INFINITE_RECURSION = YES;
				CLANG_WARN_INT_CONVERSION = YES;
				CLANG_WARN_NON_LITERAL_NULL_CONVERSION = YES;
				CLANG_WARN_OBJC_IMPLICIT_RETAIN_SELF = YES;
				CLANG_WARN_OBJC_LITERAL_CONVERSION = YES;
				CLANG_WARN_OBJC_ROOT_CLASS = YES_ERROR;
				CLANG_WARN_QUOTED_INCLUDE_IN_FRAMEWORK_HEADER = YES;
				CLANG_WARN_RANGE_LOOP_ANALYSIS = YES;
				CLANG_WARN_STRICT_PROTOTYPES = YES;
				CLANG_WARN_SUSPICIOUS_MOVE = YES;
				CLANG_WARN_UNGUARDED_AVAILABILITY = YES_AGGRESSIVE;
				CLANG_WARN_UNREACHABLE_CODE = YES;
				CLANG_WARN__DUPLICATE_METHOD_MATCH = YES;
				COPY_PHASE_STRIP = NO;
				DEBUG_INFORMATION_FORMAT = "dwarf-with-dsym";
				ENABLE_NS_ASSERTIONS = NO;
				ENABLE_STRICT_OBJC_MSGSEND = YES;
				ENABLE_USER_SCRIPT_SANDBOXING = YES;
				GCC_C_LANGUAGE_STANDARD = gnu17;
				GCC_NO_COMMON_BLOCKS = YES;
				GCC_WARN_64_TO_32_BIT_CONVERSION = YES;
				GCC_WARN_ABOUT_RETURN_TYPE = YES_ERROR;
				GCC_WARN_UNDECLARED_SELECTOR = YES;
				GCC_WARN_UNINITIALIZED_AUTOS = YES_AGGRESSIVE;
				GCC_WARN_UNUSED_FUNCTION = YES;
				GCC_WARN_UNUSED_VARIABLE = YES;
				IPHONEOS_DEPLOYMENT_TARGET = 17.0;
				LOCALIZATION_PREFERS_STRING_CATALOGS = YES;
				MTL_ENABLE_DEBUG_INFO = NO;
				MTL_FAST_MATH = YES;
				SDKROOT = iphoneos;
				SWIFT_COMPILATION_MODE = wholemodule;
				VALIDATE_PRODUCT = YES;
			};
			name = Release;
		};
		88A574BC2B0EEB1400F38425 /* Debug */ = {
			isa = XCBuildConfiguration;
			buildSettings = {
				ASSETCATALOG_COMPILER_APPICON_NAME = AppIcon;
				ASSETCATALOG_COMPILER_GLOBAL_ACCENT_COLOR_NAME = AccentColor;
				CODE_SIGN_STYLE = Automatic;
				CURRENT_PROJECT_VERSION = 1;
				DEVELOPMENT_TEAM = ALUU68J89L;
				GENERATE_INFOPLIST_FILE = YES;
				INFOPLIST_FILE = Alert/Info.plist;
				INFOPLIST_KEY_UIApplicationSupportsIndirectInputEvents = YES;
				INFOPLIST_KEY_UILaunchStoryboardName = LaunchScreen;
				INFOPLIST_KEY_UIMainStoryboardFile = Main;
				INFOPLIST_KEY_UISupportedInterfaceOrientations_iPad = "UIInterfaceOrientationPortrait UIInterfaceOrientationPortraitUpsideDown UIInterfaceOrientationLandscapeLeft UIInterfaceOrientationLandscapeRight";
				INFOPLIST_KEY_UISupportedInterfaceOrientations_iPhone = "UIInterfaceOrientationPortrait UIInterfaceOrientationLandscapeLeft UIInterfaceOrientationLandscapeRight";
				LD_RUNPATH_SEARCH_PATHS = (
					"$(inherited)",
					"@executable_path/Frameworks",
				);
				MARKETING_VERSION = 1.0;
				PRODUCT_BUNDLE_IDENTIFIER = kr.Alert;
				PRODUCT_NAME = "$(TARGET_NAME)";
				SWIFT_EMIT_LOC_STRINGS = YES;
				SWIFT_VERSION = 5.0;
				TARGETED_DEVICE_FAMILY = "1,2";
			};
			name = Debug;
		};
		88A574BD2B0EEB1400F38425 /* Release */ = {
			isa = XCBuildConfiguration;
			buildSettings = {
				ASSETCATALOG_COMPILER_APPICON_NAME = AppIcon;
				ASSETCATALOG_COMPILER_GLOBAL_ACCENT_COLOR_NAME = AccentColor;
				CODE_SIGN_STYLE = Automatic;
				CURRENT_PROJECT_VERSION = 1;
				DEVELOPMENT_TEAM = ALUU68J89L;
				GENERATE_INFOPLIST_FILE = YES;
				INFOPLIST_FILE = Alert/Info.plist;
				INFOPLIST_KEY_UIApplicationSupportsIndirectInputEvents = YES;
				INFOPLIST_KEY_UILaunchStoryboardName = LaunchScreen;
				INFOPLIST_KEY_UIMainStoryboardFile = Main;
				INFOPLIST_KEY_UISupportedInterfaceOrientations_iPad = "UIInterfaceOrientationPortrait UIInterfaceOrientationPortraitUpsideDown UIInterfaceOrientationLandscapeLeft UIInterfaceOrientationLandscapeRight";
				INFOPLIST_KEY_UISupportedInterfaceOrientations_iPhone = "UIInterfaceOrientationPortrait UIInterfaceOrientationLandscapeLeft UIInterfaceOrientationLandscapeRight";
				LD_RUNPATH_SEARCH_PATHS = (
					"$(inherited)",
					"@executable_path/Frameworks",
				);
				MARKETING_VERSION = 1.0;
				PRODUCT_BUNDLE_IDENTIFIER = kr.Alert;
				PRODUCT_NAME = "$(TARGET_NAME)";
				SWIFT_EMIT_LOC_STRINGS = YES;
				SWIFT_VERSION = 5.0;
				TARGETED_DEVICE_FAMILY = "1,2";
			};
			name = Release;
		};
		88A574BF2B0EEB1400F38425 /* Debug */ = {
			isa = XCBuildConfiguration;
			buildSettings = {
				ALWAYS_EMBED_SWIFT_STANDARD_LIBRARIES = YES;
				BUNDLE_LOADER = "$(TEST_HOST)";
				CODE_SIGN_STYLE = Automatic;
				CURRENT_PROJECT_VERSION = 1;
				DEVELOPMENT_TEAM = ALUU68J89L;
				GENERATE_INFOPLIST_FILE = YES;
				IPHONEOS_DEPLOYMENT_TARGET = 17.0;
				MARKETING_VERSION = 1.0;
				PRODUCT_BUNDLE_IDENTIFIER = kr.AlertTests;
				PRODUCT_NAME = "$(TARGET_NAME)";
				SWIFT_EMIT_LOC_STRINGS = NO;
				SWIFT_VERSION = 5.0;
				TARGETED_DEVICE_FAMILY = "1,2";
				TEST_HOST = "$(BUILT_PRODUCTS_DIR)/Alert.app/$(BUNDLE_EXECUTABLE_FOLDER_PATH)/Alert";
			};
			name = Debug;
		};
		88A574C02B0EEB1400F38425 /* Release */ = {
			isa = XCBuildConfiguration;
			buildSettings = {
				ALWAYS_EMBED_SWIFT_STANDARD_LIBRARIES = YES;
				BUNDLE_LOADER = "$(TEST_HOST)";
				CODE_SIGN_STYLE = Automatic;
				CURRENT_PROJECT_VERSION = 1;
				DEVELOPMENT_TEAM = ALUU68J89L;
				GENERATE_INFOPLIST_FILE = YES;
				IPHONEOS_DEPLOYMENT_TARGET = 17.0;
				MARKETING_VERSION = 1.0;
				PRODUCT_BUNDLE_IDENTIFIER = kr.AlertTests;
				PRODUCT_NAME = "$(TARGET_NAME)";
				SWIFT_EMIT_LOC_STRINGS = NO;
				SWIFT_VERSION = 5.0;
				TARGETED_DEVICE_FAMILY = "1,2";
				TEST_HOST = "$(BUILT_PRODUCTS_DIR)/Alert.app/$(BUNDLE_EXECUTABLE_FOLDER_PATH)/Alert";
			};
			name = Release;
		};
		88A574C22B0EEB1400F38425 /* Debug */ = {
			isa = XCBuildConfiguration;
			buildSettings = {
				ALWAYS_EMBED_SWIFT_STANDARD_LIBRARIES = YES;
				CODE_SIGN_STYLE = Automatic;
				CURRENT_PROJECT_VERSION = 1;
				DEVELOPMENT_TEAM = ALUU68J89L;
				GENERATE_INFOPLIST_FILE = YES;
				MARKETING_VERSION = 1.0;
				PRODUCT_BUNDLE_IDENTIFIER = kr.AlertUITests;
				PRODUCT_NAME = "$(TARGET_NAME)";
				SWIFT_EMIT_LOC_STRINGS = NO;
				SWIFT_VERSION = 5.0;
				TARGETED_DEVICE_FAMILY = "1,2";
				TEST_TARGET_NAME = Alert;
			};
			name = Debug;
		};
		88A574C32B0EEB1400F38425 /* Release */ = {
			isa = XCBuildConfiguration;
			buildSettings = {
				ALWAYS_EMBED_SWIFT_STANDARD_LIBRARIES = YES;
				CODE_SIGN_STYLE = Automatic;
				CURRENT_PROJECT_VERSION = 1;
				DEVELOPMENT_TEAM = ALUU68J89L;
				GENERATE_INFOPLIST_FILE = YES;
				MARKETING_VERSION = 1.0;
				PRODUCT_BUNDLE_IDENTIFIER = kr.AlertUITests;
				PRODUCT_NAME = "$(TARGET_NAME)";
				SWIFT_EMIT_LOC_STRINGS = NO;
				SWIFT_VERSION = 5.0;
				TARGETED_DEVICE_FAMILY = "1,2";
				TEST_TARGET_NAME = Alert;
			};
			name = Release;
		};
/* End XCBuildConfiguration section */

/* Begin XCConfigurationList section */
		88A5748C2B0EEB1200F38425 /* Build configuration list for PBXProject "Alert" */ = {
			isa = XCConfigurationList;
			buildConfigurations = (
				88A574B92B0EEB1400F38425 /* Debug */,
				88A574BA2B0EEB1400F38425 /* Release */,
			);
			defaultConfigurationIsVisible = 0;
			defaultConfigurationName = Release;
		};
		88A574BB2B0EEB1400F38425 /* Build configuration list for PBXNativeTarget "Alert" */ = {
			isa = XCConfigurationList;
			buildConfigurations = (
				88A574BC2B0EEB1400F38425 /* Debug */,
				88A574BD2B0EEB1400F38425 /* Release */,
			);
			defaultConfigurationIsVisible = 0;
			defaultConfigurationName = Release;
		};
		88A574BE2B0EEB1400F38425 /* Build configuration list for PBXNativeTarget "AlertTests" */ = {
			isa = XCConfigurationList;
			buildConfigurations = (
				88A574BF2B0EEB1400F38425 /* Debug */,
				88A574C02B0EEB1400F38425 /* Release */,
			);
			defaultConfigurationIsVisible = 0;
			defaultConfigurationName = Release;
		};
		88A574C12B0EEB1400F38425 /* Build configuration list for PBXNativeTarget "AlertUITests" */ = {
			isa = XCConfigurationList;
			buildConfigurations = (
				88A574C22B0EEB1400F38425 /* Debug */,
				88A574C32B0EEB1400F38425 /* Release */,
			);
			defaultConfigurationIsVisible = 0;
			defaultConfigurationName = Release;
		};
/* End XCConfigurationList section */
	};
	rootObject = 88A574892B0EEB1200F38425 /* Project object */;
}
